// !$*UTF8*$!
{
	archiveVersion = 1;
	classes = {
	};
	objectVersion = 46;
	objects = {

/* Begin PBXBuildFile section */
		DADAC7B1134E5E120053FCE1 /* Cocoa.framework in Frameworks */ = {isa = PBXBuildFile; fileRef = DADAC7B0134E5E120053FCE1 /* Cocoa.framework */; };
		DADAC7BB134E5E130053FCE1 /* InfoPlist.strings in Resources */ = {isa = PBXBuildFile; fileRef = DADAC7B9134E5E130053FCE1 /* InfoPlist.strings */; };
		DADAC7C3134E5E130053FCE1 /* Cocoa.framework in Frameworks */ = {isa = PBXBuildFile; fileRef = DADAC7B0134E5E120053FCE1 /* Cocoa.framework */; };
		DADAC7C6134E5E130053FCE1 /* Library.framework in Frameworks */ = {isa = PBXBuildFile; fileRef = DADAC7AD134E5E120053FCE1 /* Library.framework */; };
		DADAC7CC134E5E130053FCE1 /* InfoPlist.strings in Resources */ = {isa = PBXBuildFile; fileRef = DADAC7CA134E5E130053FCE1 /* InfoPlist.strings */; };
		DADAC7CF134E5E130053FCE1 /* LibraryTests.h in Resources */ = {isa = PBXBuildFile; fileRef = DADAC7CE134E5E130053FCE1 /* LibraryTests.h */; };
		DADAC7D1134E5E130053FCE1 /* LibraryTests.m in Sources */ = {isa = PBXBuildFile; fileRef = DADAC7D0134E5E130053FCE1 /* LibraryTests.m */; };
/* End PBXBuildFile section */

/* Begin PBXContainerItemProxy section */
		DADAC7C4134E5E130053FCE1 /* PBXContainerItemProxy */ = {
			isa = PBXContainerItemProxy;
			containerPortal = DADAC7A3134E5E120053FCE1 /* Project object */;
			proxyType = 1;
			remoteGlobalIDString = DADAC7AC134E5E120053FCE1;
			remoteInfo = Library;
		};
/* End PBXContainerItemProxy section */

/* Begin PBXFileReference section */
		DADAC7AD134E5E120053FCE1 /* Library.framework */ = {isa = PBXFileReference; explicitFileType = wrapper.framework; includeInIndex = 0; path = Library.framework; sourceTree = BUILT_PRODUCTS_DIR; };
		DADAC7B0134E5E120053FCE1 /* Cocoa.framework */ = {isa = PBXFileReference; lastKnownFileType = wrapper.framework; name = Cocoa.framework; path = System/Library/Frameworks/Cocoa.framework; sourceTree = SDKROOT; };
		DADAC7B3134E5E120053FCE1 /* AppKit.framework */ = {isa = PBXFileReference; lastKnownFileType = wrapper.framework; name = AppKit.framework; path = System/Library/Frameworks/AppKit.framework; sourceTree = SDKROOT; };
		DADAC7B4134E5E120053FCE1 /* CoreData.framework */ = {isa = PBXFileReference; lastKnownFileType = wrapper.framework; name = CoreData.framework; path = System/Library/Frameworks/CoreData.framework; sourceTree = SDKROOT; };
		DADAC7B5134E5E120053FCE1 /* Foundation.framework */ = {isa = PBXFileReference; lastKnownFileType = wrapper.framework; name = Foundation.framework; path = System/Library/Frameworks/Foundation.framework; sourceTree = SDKROOT; };
		DADAC7B8134E5E130053FCE1 /* Library-Info.plist */ = {isa = PBXFileReference; lastKnownFileType = text.plist.xml; path = "Library-Info.plist"; sourceTree = "<group>"; };
		DADAC7BA134E5E130053FCE1 /* en */ = {isa = PBXFileReference; lastKnownFileType = text.plist.strings; name = en; path = en.lproj/InfoPlist.strings; sourceTree = "<group>"; };
		DADAC7BC134E5E130053FCE1 /* Library-Prefix.pch */ = {isa = PBXFileReference; lastKnownFileType = sourcecode.c.h; path = "Library-Prefix.pch"; sourceTree = "<group>"; };
		DADAC7C2134E5E130053FCE1 /* LibraryTests.octest */ = {isa = PBXFileReference; explicitFileType = wrapper.cfbundle; includeInIndex = 0; path = LibraryTests.octest; sourceTree = BUILT_PRODUCTS_DIR; };
		DADAC7C9134E5E130053FCE1 /* LibraryTests-Info.plist */ = {isa = PBXFileReference; lastKnownFileType = text.plist.xml; path = "LibraryTests-Info.plist"; sourceTree = "<group>"; };
		DADAC7CB134E5E130053FCE1 /* en */ = {isa = PBXFileReference; lastKnownFileType = text.plist.strings; name = en; path = en.lproj/InfoPlist.strings; sourceTree = "<group>"; };
		DADAC7CD134E5E130053FCE1 /* LibraryTests-Prefix.pch */ = {isa = PBXFileReference; lastKnownFileType = sourcecode.c.h; path = "LibraryTests-Prefix.pch"; sourceTree = "<group>"; };
		DADAC7CE134E5E130053FCE1 /* LibraryTests.h */ = {isa = PBXFileReference; lastKnownFileType = sourcecode.c.h; path = LibraryTests.h; sourceTree = "<group>"; };
		DADAC7D0134E5E130053FCE1 /* LibraryTests.m */ = {isa = PBXFileReference; lastKnownFileType = sourcecode.c.objc; path = LibraryTests.m; sourceTree = "<group>"; };
/* End PBXFileReference section */

/* Begin PBXFrameworksBuildPhase section */
		DADAC7A9134E5E120053FCE1 /* Frameworks */ = {
			isa = PBXFrameworksBuildPhase;
			buildActionMask = 2147483647;
			files = (
				DADAC7B1134E5E120053FCE1 /* Cocoa.framework in Frameworks */,
			);
			runOnlyForDeploymentPostprocessing = 0;
		};
		DADAC7BE134E5E130053FCE1 /* Frameworks */ = {
			isa = PBXFrameworksBuildPhase;
			buildActionMask = 2147483647;
			files = (
				DADAC7C3134E5E130053FCE1 /* Cocoa.framework in Frameworks */,
				DADAC7C6134E5E130053FCE1 /* Library.framework in Frameworks */,
			);
			runOnlyForDeploymentPostprocessing = 0;
		};
/* End PBXFrameworksBuildPhase section */

/* Begin PBXGroup section */
		DADAC7A1134E5E120053FCE1 = {
			isa = PBXGroup;
			children = (
				DADAC7B6134E5E130053FCE1 /* Library */,
				DADAC7C7134E5E130053FCE1 /* LibraryTests */,
				DADAC7AF134E5E120053FCE1 /* Frameworks */,
				DADAC7AE134E5E120053FCE1 /* Products */,
			);
			sourceTree = "<group>";
		};
		DADAC7AE134E5E120053FCE1 /* Products */ = {
			isa = PBXGroup;
			children = (
				DADAC7AD134E5E120053FCE1 /* Library.framework */,
				DADAC7C2134E5E130053FCE1 /* LibraryTests.octest */,
			);
			name = Products;
			sourceTree = "<group>";
		};
		DADAC7AF134E5E120053FCE1 /* Frameworks */ = {
			isa = PBXGroup;
			children = (
				DADAC7B0134E5E120053FCE1 /* Cocoa.framework */,
				DADAC7B2134E5E120053FCE1 /* Other Frameworks */,
			);
			name = Frameworks;
			sourceTree = "<group>";
		};
		DADAC7B2134E5E120053FCE1 /* Other Frameworks */ = {
			isa = PBXGroup;
			children = (
				DADAC7B3134E5E120053FCE1 /* AppKit.framework */,
				DADAC7B4134E5E120053FCE1 /* CoreData.framework */,
				DADAC7B5134E5E120053FCE1 /* Foundation.framework */,
			);
			name = "Other Frameworks";
			sourceTree = "<group>";
		};
		DADAC7B6134E5E130053FCE1 /* Library */ = {
			isa = PBXGroup;
			children = (
				DADAC7B7134E5E130053FCE1 /* Supporting Files */,
			);
			path = Library;
			sourceTree = "<group>";
		};
		DADAC7B7134E5E130053FCE1 /* Supporting Files */ = {
			isa = PBXGroup;
			children = (
				DADAC7B8134E5E130053FCE1 /* Library-Info.plist */,
				DADAC7B9134E5E130053FCE1 /* InfoPlist.strings */,
				DADAC7BC134E5E130053FCE1 /* Library-Prefix.pch */,
			);
			name = "Supporting Files";
			sourceTree = "<group>";
		};
		DADAC7C7134E5E130053FCE1 /* LibraryTests */ = {
			isa = PBXGroup;
			children = (
				DADAC7CE134E5E130053FCE1 /* LibraryTests.h */,
				DADAC7D0134E5E130053FCE1 /* LibraryTests.m */,
				DADAC7C8134E5E130053FCE1 /* Supporting Files */,
			);
			path = LibraryTests;
			sourceTree = "<group>";
		};
		DADAC7C8134E5E130053FCE1 /* Supporting Files */ = {
			isa = PBXGroup;
			children = (
				DADAC7C9134E5E130053FCE1 /* LibraryTests-Info.plist */,
				DADAC7CA134E5E130053FCE1 /* InfoPlist.strings */,
				DADAC7CD134E5E130053FCE1 /* LibraryTests-Prefix.pch */,
			);
			name = "Supporting Files";
			sourceTree = "<group>";
		};
/* End PBXGroup section */

/* Begin PBXHeadersBuildPhase section */
		DADAC7AA134E5E120053FCE1 /* Headers */ = {
			isa = PBXHeadersBuildPhase;
			buildActionMask = 2147483647;
			files = (
			);
			runOnlyForDeploymentPostprocessing = 0;
		};
/* End PBXHeadersBuildPhase section */

/* Begin PBXNativeTarget section */
		DADAC7AC134E5E120053FCE1 /* Library */ = {
			isa = PBXNativeTarget;
			buildConfigurationList = DADAC7D4134E5E130053FCE1 /* Build configuration list for PBXNativeTarget "Library" */;
			buildPhases = (
				DADAC7A8134E5E120053FCE1 /* Sources */,
				DADAC7A9134E5E120053FCE1 /* Frameworks */,
				DADAC7AA134E5E120053FCE1 /* Headers */,
				DADAC7AB134E5E120053FCE1 /* Resources */,
			);
			buildRules = (
			);
			dependencies = (
			);
			name = Library;
			productName = Library;
			productReference = DADAC7AD134E5E120053FCE1 /* Library.framework */;
			productType = "com.apple.product-type.framework";
		};
		DADAC7C1134E5E130053FCE1 /* LibraryTests */ = {
			isa = PBXNativeTarget;
			buildConfigurationList = DADAC7D7134E5E130053FCE1 /* Build configuration list for PBXNativeTarget "LibraryTests" */;
			buildPhases = (
				DADAC7BD134E5E130053FCE1 /* Sources */,
				DADAC7BE134E5E130053FCE1 /* Frameworks */,
				DADAC7BF134E5E130053FCE1 /* Resources */,
				DADAC7C0134E5E130053FCE1 /* ShellScript */,
			);
			buildRules = (
			);
			dependencies = (
				DADAC7C5134E5E130053FCE1 /* PBXTargetDependency */,
			);
			name = LibraryTests;
			productName = LibraryTests;
			productReference = DADAC7C2134E5E130053FCE1 /* LibraryTests.octest */;
			productType = "com.apple.product-type.bundle";
		};
/* End PBXNativeTarget section */

/* Begin PBXProject section */
		DADAC7A3134E5E120053FCE1 /* Project object */ = {
			isa = PBXProject;
			buildConfigurationList = DADAC7A6134E5E120053FCE1 /* Build configuration list for PBXProject "Library" */;
			compatibilityVersion = "Xcode 3.2";
			developmentRegion = English;
			hasScannedForEncodings = 0;
			knownRegions = (
				en,
			);
			mainGroup = DADAC7A1134E5E120053FCE1;
			productRefGroup = DADAC7AE134E5E120053FCE1 /* Products */;
			projectDirPath = "";
			projectRoot = "";
			targets = (
				DADAC7AC134E5E120053FCE1 /* Library */,
				DADAC7C1134E5E130053FCE1 /* LibraryTests */,
			);
		};
/* End PBXProject section */

/* Begin PBXResourcesBuildPhase section */
		DADAC7AB134E5E120053FCE1 /* Resources */ = {
			isa = PBXResourcesBuildPhase;
			buildActionMask = 2147483647;
			files = (
				DADAC7BB134E5E130053FCE1 /* InfoPlist.strings in Resources */,
			);
			runOnlyForDeploymentPostprocessing = 0;
		};
		DADAC7BF134E5E130053FCE1 /* Resources */ = {
			isa = PBXResourcesBuildPhase;
			buildActionMask = 2147483647;
			files = (
				DADAC7CC134E5E130053FCE1 /* InfoPlist.strings in Resources */,
				DADAC7CF134E5E130053FCE1 /* LibraryTests.h in Resources */,
			);
			runOnlyForDeploymentPostprocessing = 0;
		};
/* End PBXResourcesBuildPhase section */

/* Begin PBXShellScriptBuildPhase section */
		DADAC7C0134E5E130053FCE1 /* ShellScript */ = {
			isa = PBXShellScriptBuildPhase;
			buildActionMask = 2147483647;
			files = (
			);
			inputPaths = (
			);
			outputPaths = (
			);
			runOnlyForDeploymentPostprocessing = 0;
			shellPath = /bin/sh;
			shellScript = "# Run the unit tests in this test bundle.\n\"${SYSTEM_DEVELOPER_DIR}/Tools/RunUnitTests\"\n";
		};
/* End PBXShellScriptBuildPhase section */

/* Begin PBXSourcesBuildPhase section */
		DADAC7A8134E5E120053FCE1 /* Sources */ = {
			isa = PBXSourcesBuildPhase;
			buildActionMask = 2147483647;
			files = (
			);
			runOnlyForDeploymentPostprocessing = 0;
		};
		DADAC7BD134E5E130053FCE1 /* Sources */ = {
			isa = PBXSourcesBuildPhase;
			buildActionMask = 2147483647;
			files = (
				DADAC7D1134E5E130053FCE1 /* LibraryTests.m in Sources */,
			);
			runOnlyForDeploymentPostprocessing = 0;
		};
/* End PBXSourcesBuildPhase section */

/* Begin PBXTargetDependency section */
		DADAC7C5134E5E130053FCE1 /* PBXTargetDependency */ = {
			isa = PBXTargetDependency;
			target = DADAC7AC134E5E120053FCE1 /* Library */;
			targetProxy = DADAC7C4134E5E130053FCE1 /* PBXContainerItemProxy */;
		};
/* End PBXTargetDependency section */

/* Begin PBXVariantGroup section */
		DADAC7B9134E5E130053FCE1 /* InfoPlist.strings */ = {
			isa = PBXVariantGroup;
			children = (
				DADAC7BA134E5E130053FCE1 /* en */,
			);
			name = InfoPlist.strings;
			sourceTree = "<group>";
		};
		DADAC7CA134E5E130053FCE1 /* InfoPlist.strings */ = {
			isa = PBXVariantGroup;
			children = (
				DADAC7CB134E5E130053FCE1 /* en */,
			);
			name = InfoPlist.strings;
			sourceTree = "<group>";
		};
/* End PBXVariantGroup section */

/* Begin XCBuildConfiguration section */
		DADAC7D2134E5E130053FCE1 /* Debug */ = {
			isa = XCBuildConfiguration;
			buildSettings = {
				ARCHS = "$(ARCHS_STANDARD_32_64_BIT)";
				GCC_C_LANGUAGE_STANDARD = gnu99;
				GCC_OPTIMIZATION_LEVEL = 0;
				GCC_PREPROCESSOR_DEFINITIONS = DEBUG;
				GCC_SYMBOLS_PRIVATE_EXTERN = NO;
				GCC_VERSION = com.apple.compilers.llvm.clang.1_0;
				GCC_WARN_64_TO_32_BIT_CONVERSION = YES;
				GCC_WARN_ABOUT_RETURN_TYPE = YES;
				GCC_WARN_UNUSED_VARIABLE = YES;
				MACOSX_DEPLOYMENT_TARGET = 10.6;
				ONLY_ACTIVE_ARCH = YES;
				SDKROOT = macosx;
			};
			name = Debug;
		};
		DADAC7D3134E5E130053FCE1 /* Release */ = {
			isa = XCBuildConfiguration;
			buildSettings = {
				ARCHS = "$(ARCHS_STANDARD_32_64_BIT)";
				GCC_C_LANGUAGE_STANDARD = gnu99;
				GCC_VERSION = com.apple.compilers.llvm.clang.1_0;
				GCC_WARN_64_TO_32_BIT_CONVERSION = YES;
				GCC_WARN_ABOUT_RETURN_TYPE = YES;
				GCC_WARN_UNUSED_VARIABLE = YES;
				MACOSX_DEPLOYMENT_TARGET = 10.6;
				SDKROOT = macosx;
			};
			name = Release;
		};
		DADAC7D5134E5E130053FCE1 /* Debug */ = {
			isa = XCBuildConfiguration;
			buildSettings = {
				ALWAYS_SEARCH_USER_PATHS = NO;
				COPY_PHASE_STRIP = NO;
				DYLIB_COMPATIBILITY_VERSION = 1;
				DYLIB_CURRENT_VERSION = 1;
				FRAMEWORK_VERSION = A;
				GCC_DYNAMIC_NO_PIC = NO;
				GCC_ENABLE_OBJC_EXCEPTIONS = YES;
				GCC_PRECOMPILE_PREFIX_HEADER = YES;
				GCC_PREFIX_HEADER = "Library/Library-Prefix.pch";
				INFOPLIST_FILE = "Library/Library-Info.plist";
				PRODUCT_NAME = "$(TARGET_NAME)";
				WRAPPER_EXTENSION = framework;
			};
			name = Debug;
		};
		DADAC7D6134E5E130053FCE1 /* Release */ = {
			isa = XCBuildConfiguration;
			buildSettings = {
				ALWAYS_SEARCH_USER_PATHS = NO;
				COPY_PHASE_STRIP = YES;
				DEBUG_INFORMATION_FORMAT = "dwarf-with-dsym";
				DYLIB_COMPATIBILITY_VERSION = 1;
				DYLIB_CURRENT_VERSION = 1;
				FRAMEWORK_VERSION = A;
				GCC_ENABLE_OBJC_EXCEPTIONS = YES;
				GCC_PRECOMPILE_PREFIX_HEADER = YES;
				GCC_PREFIX_HEADER = "Library/Library-Prefix.pch";
				INFOPLIST_FILE = "Library/Library-Info.plist";
				PRODUCT_NAME = "$(TARGET_NAME)";
				WRAPPER_EXTENSION = framework;
			};
			name = Release;
		};
		DADAC7D8134E5E130053FCE1 /* Debug */ = {
			isa = XCBuildConfiguration;
			buildSettings = {
				ALWAYS_SEARCH_USER_PATHS = NO;
				COPY_PHASE_STRIP = NO;
				FRAMEWORK_SEARCH_PATHS = "$(DEVELOPER_LIBRARY_DIR)/Frameworks";
				GCC_DYNAMIC_NO_PIC = NO;
				GCC_ENABLE_OBJC_EXCEPTIONS = YES;
				GCC_PRECOMPILE_PREFIX_HEADER = YES;
				GCC_PREFIX_HEADER = "LibraryTests/LibraryTests-Prefix.pch";
				INFOPLIST_FILE = "LibraryTests/LibraryTests-Info.plist";
				OTHER_LDFLAGS = (
					"-framework",
					SenTestingKit,
				);
				PRODUCT_NAME = "$(TARGET_NAME)";
				WRAPPER_EXTENSION = octest;
			};
			name = Debug;
		};
		DADAC7D9134E5E130053FCE1 /* Release */ = {
			isa = XCBuildConfiguration;
			buildSettings = {
				ALWAYS_SEARCH_USER_PATHS = NO;
				COPY_PHASE_STRIP = YES;
				DEBUG_INFORMATION_FORMAT = "dwarf-with-dsym";
				FRAMEWORK_SEARCH_PATHS = "$(DEVELOPER_LIBRARY_DIR)/Frameworks";
				GCC_ENABLE_OBJC_EXCEPTIONS = YES;
				GCC_PRECOMPILE_PREFIX_HEADER = YES;
				GCC_PREFIX_HEADER = "LibraryTests/LibraryTests-Prefix.pch";
				INFOPLIST_FILE = "LibraryTests/LibraryTests-Info.plist";
				OTHER_LDFLAGS = (
					"-framework",
					SenTestingKit,
				);
				PRODUCT_NAME = "$(TARGET_NAME)";
				WRAPPER_EXTENSION = octest;
			};
			name = Release;
		};
/* End XCBuildConfiguration section */

/* Begin XCConfigurationList section */
		DADAC7A6134E5E120053FCE1 /* Build configuration list for PBXProject "Library" */ = {
			isa = XCConfigurationList;
			buildConfigurations = (
				DADAC7D2134E5E130053FCE1 /* Debug */,
				DADAC7D3134E5E130053FCE1 /* Release */,
			);
			defaultConfigurationIsVisible = 0;
			defaultConfigurationName = Release;
		};
		DADAC7D4134E5E130053FCE1 /* Build configuration list for PBXNativeTarget "Library" */ = {
			isa = XCConfigurationList;
			buildConfigurations = (
				DADAC7D5134E5E130053FCE1 /* Debug */,
				DADAC7D6134E5E130053FCE1 /* Release */,
			);
			defaultConfigurationIsVisible = 0;
		};
		DADAC7D7134E5E130053FCE1 /* Build configuration list for PBXNativeTarget "LibraryTests" */ = {
			isa = XCConfigurationList;
			buildConfigurations = (
				DADAC7D8134E5E130053FCE1 /* Debug */,
				DADAC7D9134E5E130053FCE1 /* Release */,
			);
			defaultConfigurationIsVisible = 0;
		};
/* End XCConfigurationList section */
	};
	rootObject = DADAC7A3134E5E120053FCE1 /* Project object */;
}
