// !$*UTF8*$!
{
	archiveVersion = 1;
	classes = {
	};
	objectVersion = 46;
	objects = {

/* Begin PBXAggregateTarget section */
		DA08F7DC11FE68150077E42D /* Vector */ = {
			isa = PBXAggregateTarget;
			buildConfigurationList = DA08F7ED11FE68520077E42D /* Build configuration list for PBXAggregateTarget "Vector" */;
			buildPhases = (
			);
			dependencies = (
				DA08F7E211FE681B0077E42D /* PBXTargetDependency */,
				DA08F7E011FE681B0077E42D /* PBXTargetDependency */,
			);
			name = Vector;
			productName = Vector;
		};
/* End PBXAggregateTarget section */

/* Begin PBXBuildFile section */
		DA08F7CA11FE676F0077E42D /* vector-test.m in Sources */ = {isa = PBXBuildFile; fileRef = DA08F7BB11FE673A0077E42D /* vector-test.m */; };
		DA08F7D511FE67BA0077E42D /* vector-test.m in Sources */ = {isa = PBXBuildFile; fileRef = DA08F7BB11FE673A0077E42D /* vector-test.m */; };
		DA1559A4134A2E89002A71EE /* list.h in Headers */ = {isa = PBXBuildFile; fileRef = DA1559A3134A2E89002A71EE /* list.h */; };
		DA1559A5134A2E89002A71EE /* list.h in Headers */ = {isa = PBXBuildFile; fileRef = DA1559A3134A2E89002A71EE /* list.h */; };
		DA1559A6134A2E89002A71EE /* list.h in Headers */ = {isa = PBXBuildFile; fileRef = DA1559A3134A2E89002A71EE /* list.h */; };
		DA1559AF134A2ECA002A71EE /* Cocoa.framework in Frameworks */ = {isa = PBXBuildFile; fileRef = DA1559AE134A2ECA002A71EE /* Cocoa.framework */; };
		DA1559B9134A2ECA002A71EE /* InfoPlist.strings in Resources */ = {isa = PBXBuildFile; fileRef = DA1559B7134A2ECA002A71EE /* InfoPlist.strings */; };
		DA1559BC134A2ECA002A71EE /* List.h in Resources */ = {isa = PBXBuildFile; fileRef = DA1559BB134A2ECA002A71EE /* List.h */; };
		DA1559BE134A2ECA002A71EE /* List.m in Sources */ = {isa = PBXBuildFile; fileRef = DA1559BD134A2ECA002A71EE /* List.m */; };
		DA5652D71209139B00E1E650 /* libzip.dylib in Frameworks */ = {isa = PBXBuildFile; fileRef = DA5652D61209139B00E1E650 /* libzip.dylib */; };
		DA5652D9120913C900E1E650 /* FSZip.m in Sources */ = {isa = PBXBuildFile; fileRef = DA08F7B711FE67020077E42D /* FSZip.m */; };
		DA5652DA120913CD00E1E650 /* testWrite.m in Sources */ = {isa = PBXBuildFile; fileRef = DA1B3D6612052C0200F59106 /* testWrite.m */; };
		DA5652E9120914F200E1E650 /* libzip.dylib in Frameworks */ = {isa = PBXBuildFile; fileRef = DA5652D61209139B00E1E650 /* libzip.dylib */; };
		DA5652EB1209151700E1E650 /* testCompat.m in Sources */ = {isa = PBXBuildFile; fileRef = DA1B3D3912050C6000F59106 /* testCompat.m */; };
		DA5652EC1209152B00E1E650 /* FSZip.m in Sources */ = {isa = PBXBuildFile; fileRef = DA08F7B711FE67020077E42D /* FSZip.m */; };
		DA5941591211D79000C5F077 /* rdtsc.h in Headers */ = {isa = PBXBuildFile; fileRef = DA5941571211D79000C5F077 /* rdtsc.h */; };
		DA59415A1211D79000C5F077 /* rdtsc.c in Sources */ = {isa = PBXBuildFile; fileRef = DA5941581211D79000C5F077 /* rdtsc.c */; };
		DA59415B1211D79000C5F077 /* rdtsc.h in Headers */ = {isa = PBXBuildFile; fileRef = DA5941571211D79000C5F077 /* rdtsc.h */; };
		DA59415C1211D79000C5F077 /* rdtsc.c in Sources */ = {isa = PBXBuildFile; fileRef = DA5941581211D79000C5F077 /* rdtsc.c */; };
		DA59415D1211D79000C5F077 /* rdtsc.h in Headers */ = {isa = PBXBuildFile; fileRef = DA5941571211D79000C5F077 /* rdtsc.h */; };
		DA59415E1211D79000C5F077 /* rdtsc.c in Sources */ = {isa = PBXBuildFile; fileRef = DA5941581211D79000C5F077 /* rdtsc.c */; };
		DA65A95A134E58D9001FD887 /* Cocoa.framework in Frameworks */ = {isa = PBXBuildFile; fileRef = DA1559AE134A2ECA002A71EE /* Cocoa.framework */; };
		DA65A960134E58D9001FD887 /* InfoPlist.strings in Resources */ = {isa = PBXBuildFile; fileRef = DA65A95E134E58D9001FD887 /* InfoPlist.strings */; };
		DA65A968134E58DA001FD887 /* Cocoa.framework in Frameworks */ = {isa = PBXBuildFile; fileRef = DA1559AE134A2ECA002A71EE /* Cocoa.framework */; };
		DA65A96B134E58DA001FD887 /* Library.framework in Frameworks */ = {isa = PBXBuildFile; fileRef = DA65A959134E58D9001FD887 /* Library.framework */; };
		DA65A971134E58DA001FD887 /* InfoPlist.strings in Resources */ = {isa = PBXBuildFile; fileRef = DA65A96F134E58DA001FD887 /* InfoPlist.strings */; };
		DA65A974134E58DA001FD887 /* LibraryTests.h in Resources */ = {isa = PBXBuildFile; fileRef = DA65A973134E58DA001FD887 /* LibraryTests.h */; };
		DA65A976134E58DA001FD887 /* LibraryTests.m in Sources */ = {isa = PBXBuildFile; fileRef = DA65A975134E58DA001FD887 /* LibraryTests.m */; };
		DA65A97D134E58F1001FD887 /* vector.h in Headers */ = {isa = PBXBuildFile; fileRef = DA08F7B811FE67020077E42D /* vector.h */; };
		DA65A97E134E58F9001FD887 /* binary_scanner.c in Sources */ = {isa = PBXBuildFile; fileRef = DA65A94B134E46C4001FD887 /* binary_scanner.c */; };
		DA65A97F134E58FA001FD887 /* binary_scanner.c in Sources */ = {isa = PBXBuildFile; fileRef = DA65A94B134E46C4001FD887 /* binary_scanner.c */; };
		DA65A981134E5901001FD887 /* binary_scanner.h in Headers */ = {isa = PBXBuildFile; fileRef = DA65A94C134E46C4001FD887 /* binary_scanner.h */; };
		DAD469F8120D1B8100AD4602 /* FSLog.h in Headers */ = {isa = PBXBuildFile; fileRef = DA08F7B411FE67020077E42D /* FSLog.h */; };
		DAD469F9120D1B8100AD4602 /* FSZip.h in Headers */ = {isa = PBXBuildFile; fileRef = DA08F7B611FE67020077E42D /* FSZip.h */; };
		DAD469FC120D1BAC00AD4602 /* libzip.dylib in Copy Frameworks */ = {isa = PBXBuildFile; fileRef = DA5652D61209139B00E1E650 /* libzip.dylib */; };
		DAD469FD120D1BBE00AD4602 /* FSLog.m in Sources */ = {isa = PBXBuildFile; fileRef = DA08F7B511FE67020077E42D /* FSLog.m */; };
		DAD469FE120D1BBE00AD4602 /* FSZip.m in Sources */ = {isa = PBXBuildFile; fileRef = DA08F7B711FE67020077E42D /* FSZip.m */; };
		DAD469FF120D1BCE00AD4602 /* libzip.dylib in Frameworks */ = {isa = PBXBuildFile; fileRef = DA5652D61209139B00E1E650 /* libzip.dylib */; };
/* End PBXBuildFile section */

/* Begin PBXContainerItemProxy section */
		DA08F7DF11FE681B0077E42D /* PBXContainerItemProxy */ = {
			isa = PBXContainerItemProxy;
			containerPortal = DAEDF51311FE66B80087D479 /* Project object */;
			proxyType = 1;
			remoteGlobalIDString = DA08F7CF11FE67990077E42D;
			remoteInfo = "Vector IA64";
		};
		DA08F7E111FE681B0077E42D /* PBXContainerItemProxy */ = {
			isa = PBXContainerItemProxy;
			containerPortal = DAEDF51311FE66B80087D479 /* Project object */;
			proxyType = 1;
			remoteGlobalIDString = DA08F7C211FE675D0077E42D;
			remoteInfo = "Vector IA32";
		};
		DA65A969134E58DA001FD887 /* PBXContainerItemProxy */ = {
			isa = PBXContainerItemProxy;
			containerPortal = DAEDF51311FE66B80087D479 /* Project object */;
			proxyType = 1;
			remoteGlobalIDString = DA65A958134E58D9001FD887;
			remoteInfo = Library;
		};
/* End PBXContainerItemProxy section */

/* Begin PBXCopyFilesBuildPhase section */
		DAD46A03120D1BF400AD4602 /* Copy Frameworks */ = {
			isa = PBXCopyFilesBuildPhase;
			buildActionMask = 2147483647;
			dstPath = "";
			dstSubfolderSpec = 10;
			files = (
				DAD469FC120D1BAC00AD4602 /* libzip.dylib in Copy Frameworks */,
			);
			name = "Copy Frameworks";
			runOnlyForDeploymentPostprocessing = 0;
		};
/* End PBXCopyFilesBuildPhase section */

/* Begin PBXFileReference section */
		DA08F7B411FE67020077E42D /* FSLog.h */ = {isa = PBXFileReference; fileEncoding = 4; lastKnownFileType = sourcecode.c.h; path = FSLog.h; sourceTree = "<group>"; };
		DA08F7B511FE67020077E42D /* FSLog.m */ = {isa = PBXFileReference; fileEncoding = 4; lastKnownFileType = sourcecode.c.objc; path = FSLog.m; sourceTree = "<group>"; };
		DA08F7B611FE67020077E42D /* FSZip.h */ = {isa = PBXFileReference; fileEncoding = 4; lastKnownFileType = sourcecode.c.h; path = FSZip.h; sourceTree = "<group>"; };
		DA08F7B711FE67020077E42D /* FSZip.m */ = {isa = PBXFileReference; fileEncoding = 4; lastKnownFileType = sourcecode.c.objc; path = FSZip.m; sourceTree = "<group>"; };
		DA08F7B811FE67020077E42D /* vector.h */ = {isa = PBXFileReference; fileEncoding = 4; lastKnownFileType = sourcecode.c.h; path = vector.h; sourceTree = "<group>"; };
		DA08F7BA11FE673A0077E42D /* vector-test.h */ = {isa = PBXFileReference; fileEncoding = 4; lastKnownFileType = sourcecode.c.h; path = "vector-test.h"; sourceTree = "<group>"; };
		DA08F7BB11FE673A0077E42D /* vector-test.m */ = {isa = PBXFileReference; fileEncoding = 4; lastKnownFileType = sourcecode.c.objc; path = "vector-test.m"; sourceTree = "<group>"; };
		DA08F7C311FE675D0077E42D /* Vector.octest */ = {isa = PBXFileReference; explicitFileType = wrapper.cfbundle; includeInIndex = 0; path = Vector.octest; sourceTree = BUILT_PRODUCTS_DIR; };
		DA08F7C511FE675D0077E42D /* Vector-Info.plist */ = {isa = PBXFileReference; lastKnownFileType = text.plist.xml; path = "Vector-Info.plist"; sourceTree = "<group>"; };
		DA08F7D011FE67990077E42D /* Vector IA64.octest */ = {isa = PBXFileReference; explicitFileType = wrapper.cfbundle; includeInIndex = 0; path = "Vector IA64.octest"; sourceTree = BUILT_PRODUCTS_DIR; };
		DA08F7D111FE67990077E42D /* Vector IA64-Info.plist */ = {isa = PBXFileReference; lastKnownFileType = text.plist.xml; path = "Vector IA64-Info.plist"; sourceTree = "<group>"; };
		DA1559A3134A2E89002A71EE /* list.h */ = {isa = PBXFileReference; fileEncoding = 4; lastKnownFileType = sourcecode.c.h; path = list.h; sourceTree = "<group>"; };
		DA1559AC134A2ECA002A71EE /* List.octest */ = {isa = PBXFileReference; explicitFileType = wrapper.cfbundle; includeInIndex = 0; path = List.octest; sourceTree = BUILT_PRODUCTS_DIR; };
		DA1559AE134A2ECA002A71EE /* Cocoa.framework */ = {isa = PBXFileReference; lastKnownFileType = wrapper.framework; name = Cocoa.framework; path = System/Library/Frameworks/Cocoa.framework; sourceTree = SDKROOT; };
		DA1559B1134A2ECA002A71EE /* AppKit.framework */ = {isa = PBXFileReference; lastKnownFileType = wrapper.framework; name = AppKit.framework; path = System/Library/Frameworks/AppKit.framework; sourceTree = SDKROOT; };
		DA1559B2134A2ECA002A71EE /* CoreData.framework */ = {isa = PBXFileReference; lastKnownFileType = wrapper.framework; name = CoreData.framework; path = System/Library/Frameworks/CoreData.framework; sourceTree = SDKROOT; };
		DA1559B3134A2ECA002A71EE /* Foundation.framework */ = {isa = PBXFileReference; lastKnownFileType = wrapper.framework; name = Foundation.framework; path = System/Library/Frameworks/Foundation.framework; sourceTree = SDKROOT; };
		DA1559B6134A2ECA002A71EE /* List-Info.plist */ = {isa = PBXFileReference; lastKnownFileType = text.plist.xml; path = "List-Info.plist"; sourceTree = "<group>"; };
		DA1559B8134A2ECA002A71EE /* en */ = {isa = PBXFileReference; lastKnownFileType = text.plist.strings; name = en; path = en.lproj/InfoPlist.strings; sourceTree = "<group>"; };
		DA1559BA134A2ECA002A71EE /* List-Prefix.pch */ = {isa = PBXFileReference; lastKnownFileType = sourcecode.c.h; path = "List-Prefix.pch"; sourceTree = "<group>"; };
		DA1559BB134A2ECA002A71EE /* List.h */ = {isa = PBXFileReference; lastKnownFileType = sourcecode.c.h; path = List.h; sourceTree = "<group>"; };
		DA1559BD134A2ECA002A71EE /* List.m */ = {isa = PBXFileReference; lastKnownFileType = sourcecode.c.objc; path = List.m; sourceTree = "<group>"; };
		DA1B3D3612050C2E00F59106 /* README */ = {isa = PBXFileReference; fileEncoding = 4; lastKnownFileType = text; path = README; sourceTree = "<group>"; };
		DA1B3D3712050C2E00F59106 /* test0.txt */ = {isa = PBXFileReference; fileEncoding = 4; lastKnownFileType = text; path = test0.txt; sourceTree = "<group>"; };
		DA1B3D3812050C2E00F59106 /* test1.txt */ = {isa = PBXFileReference; fileEncoding = 4; lastKnownFileType = text; path = test1.txt; sourceTree = "<group>"; };
		DA1B3D3912050C6000F59106 /* testCompat.m */ = {isa = PBXFileReference; fileEncoding = 4; lastKnownFileType = sourcecode.c.objc; path = testCompat.m; sourceTree = "<group>"; };
		DA1B3D6612052C0200F59106 /* testWrite.m */ = {isa = PBXFileReference; fileEncoding = 4; lastKnownFileType = sourcecode.c.objc; path = testWrite.m; sourceTree = "<group>"; };
		DA5652D21209138600E1E650 /* FSZip-testWrite */ = {isa = PBXFileReference; explicitFileType = "compiled.mach-o.executable"; includeInIndex = 0; path = "FSZip-testWrite"; sourceTree = BUILT_PRODUCTS_DIR; };
		DA5652D61209139B00E1E650 /* libzip.dylib */ = {isa = PBXFileReference; lastKnownFileType = "compiled.mach-o.dylib"; name = libzip.dylib; path = /usr/local/lib/libzip.dylib; sourceTree = "<absolute>"; };
		DA5652E5120914E400E1E650 /* FSZip-testRead */ = {isa = PBXFileReference; explicitFileType = "compiled.mach-o.executable"; includeInIndex = 0; path = "FSZip-testRead"; sourceTree = BUILT_PRODUCTS_DIR; };
		DA5941571211D79000C5F077 /* rdtsc.h */ = {isa = PBXFileReference; fileEncoding = 4; lastKnownFileType = sourcecode.c.h; path = rdtsc.h; sourceTree = "<group>"; };
		DA5941581211D79000C5F077 /* rdtsc.c */ = {isa = PBXFileReference; fileEncoding = 4; lastKnownFileType = sourcecode.c.c; path = rdtsc.c; sourceTree = "<group>"; };
		DA65A94B134E46C4001FD887 /* binary_scanner.c */ = {isa = PBXFileReference; fileEncoding = 4; lastKnownFileType = sourcecode.c.c; path = binary_scanner.c; sourceTree = "<group>"; };
		DA65A94C134E46C4001FD887 /* binary_scanner.h */ = {isa = PBXFileReference; fileEncoding = 4; lastKnownFileType = sourcecode.c.h; path = binary_scanner.h; sourceTree = "<group>"; };
		DA65A959134E58D9001FD887 /* Library.framework */ = {isa = PBXFileReference; explicitFileType = wrapper.framework; includeInIndex = 0; path = Library.framework; sourceTree = BUILT_PRODUCTS_DIR; };
		DA65A95D134E58D9001FD887 /* Library-Info.plist */ = {isa = PBXFileReference; lastKnownFileType = text.plist.xml; path = "Library-Info.plist"; sourceTree = "<group>"; };
		DA65A95F134E58D9001FD887 /* en */ = {isa = PBXFileReference; lastKnownFileType = text.plist.strings; name = en; path = en.lproj/InfoPlist.strings; sourceTree = "<group>"; };
		DA65A961134E58D9001FD887 /* Library-Prefix.pch */ = {isa = PBXFileReference; lastKnownFileType = sourcecode.c.h; path = "Library-Prefix.pch"; sourceTree = "<group>"; };
		DA65A967134E58D9001FD887 /* LibraryTests.octest */ = {isa = PBXFileReference; explicitFileType = wrapper.cfbundle; includeInIndex = 0; path = LibraryTests.octest; sourceTree = BUILT_PRODUCTS_DIR; };
		DA65A96E134E58DA001FD887 /* LibraryTests-Info.plist */ = {isa = PBXFileReference; lastKnownFileType = text.plist.xml; path = "LibraryTests-Info.plist"; sourceTree = "<group>"; };
		DA65A970134E58DA001FD887 /* en */ = {isa = PBXFileReference; lastKnownFileType = text.plist.strings; name = en; path = en.lproj/InfoPlist.strings; sourceTree = "<group>"; };
		DA65A972134E58DA001FD887 /* LibraryTests-Prefix.pch */ = {isa = PBXFileReference; lastKnownFileType = sourcecode.c.h; path = "LibraryTests-Prefix.pch"; sourceTree = "<group>"; };
		DA65A973134E58DA001FD887 /* LibraryTests.h */ = {isa = PBXFileReference; lastKnownFileType = sourcecode.c.h; path = LibraryTests.h; sourceTree = "<group>"; };
		DA65A975134E58DA001FD887 /* LibraryTests.m */ = {isa = PBXFileReference; lastKnownFileType = sourcecode.c.objc; path = LibraryTests.m; sourceTree = "<group>"; };
		DAD469DE120D1B4500AD4602 /* Library32.framework */ = {isa = PBXFileReference; explicitFileType = wrapper.framework; includeInIndex = 0; name = Library32.framework; path = /Users/cmiller/Code/Library/build/Release/Library32.framework; sourceTree = "<absolute>"; };
		DAD469DF120D1B4500AD4602 /* Library32-Info.plist */ = {isa = PBXFileReference; lastKnownFileType = text.plist.xml; path = "Library32-Info.plist"; sourceTree = "<group>"; };
		DAD469E9120D1B5600AD4602 /* Library64.framework */ = {isa = PBXFileReference; explicitFileType = wrapper.framework; includeInIndex = 0; name = Library64.framework; path = /Users/cmiller/Code/Library/build/Release/Library64.framework; sourceTree = "<absolute>"; };
		DAD469EA120D1B5600AD4602 /* Library64-Info.plist */ = {isa = PBXFileReference; lastKnownFileType = text.plist.xml; path = "Library64-Info.plist"; sourceTree = "<group>"; };
		DAD469F3120D1B6700AD4602 /* Library96.framework */ = {isa = PBXFileReference; explicitFileType = wrapper.framework; includeInIndex = 0; name = Library96.framework; path = /Users/cmiller/Code/Library/build/Release/Library96.framework; sourceTree = "<absolute>"; };
		DAD469F4120D1B6700AD4602 /* Library96-Info.plist */ = {isa = PBXFileReference; lastKnownFileType = text.plist.xml; path = "Library96-Info.plist"; sourceTree = "<group>"; };
/* End PBXFileReference section */

/* Begin PBXFrameworksBuildPhase section */
		DA08F7C011FE675D0077E42D /* Frameworks */ = {
			isa = PBXFrameworksBuildPhase;
			buildActionMask = 2147483647;
			files = (
			);
			runOnlyForDeploymentPostprocessing = 0;
		};
		DA08F7CD11FE67990077E42D /* Frameworks */ = {
			isa = PBXFrameworksBuildPhase;
			buildActionMask = 2147483647;
			files = (
			);
			runOnlyForDeploymentPostprocessing = 0;
		};
		DA1559A8134A2ECA002A71EE /* Frameworks */ = {
			isa = PBXFrameworksBuildPhase;
			buildActionMask = 2147483647;
			files = (
				DA1559AF134A2ECA002A71EE /* Cocoa.framework in Frameworks */,
			);
			runOnlyForDeploymentPostprocessing = 0;
		};
		DA5652D01209138600E1E650 /* Frameworks */ = {
			isa = PBXFrameworksBuildPhase;
			buildActionMask = 2147483647;
			files = (
				DA5652D71209139B00E1E650 /* libzip.dylib in Frameworks */,
			);
			runOnlyForDeploymentPostprocessing = 0;
		};
		DA5652E3120914E400E1E650 /* Frameworks */ = {
			isa = PBXFrameworksBuildPhase;
			buildActionMask = 2147483647;
			files = (
				DA5652E9120914F200E1E650 /* libzip.dylib in Frameworks */,
			);
			runOnlyForDeploymentPostprocessing = 0;
		};
		DA65A955134E58D9001FD887 /* Frameworks */ = {
			isa = PBXFrameworksBuildPhase;
			buildActionMask = 2147483647;
			files = (
				DA65A95A134E58D9001FD887 /* Cocoa.framework in Frameworks */,
			);
			runOnlyForDeploymentPostprocessing = 0;
		};
		DA65A963134E58D9001FD887 /* Frameworks */ = {
			isa = PBXFrameworksBuildPhase;
			buildActionMask = 2147483647;
			files = (
				DA65A968134E58DA001FD887 /* Cocoa.framework in Frameworks */,
				DA65A96B134E58DA001FD887 /* Library.framework in Frameworks */,
			);
			runOnlyForDeploymentPostprocessing = 0;
		};
		DAD469DC120D1B4500AD4602 /* Frameworks */ = {
			isa = PBXFrameworksBuildPhase;
			buildActionMask = 2147483647;
			files = (
			);
			runOnlyForDeploymentPostprocessing = 0;
		};
		DAD469E7120D1B5600AD4602 /* Frameworks */ = {
			isa = PBXFrameworksBuildPhase;
			buildActionMask = 2147483647;
			files = (
				DAD469FF120D1BCE00AD4602 /* libzip.dylib in Frameworks */,
			);
			runOnlyForDeploymentPostprocessing = 0;
		};
		DAD469F1120D1B6700AD4602 /* Frameworks */ = {
			isa = PBXFrameworksBuildPhase;
			buildActionMask = 2147483647;
			files = (
			);
			runOnlyForDeploymentPostprocessing = 0;
		};
/* End PBXFrameworksBuildPhase section */

/* Begin PBXGroup section */
		DA08F7B311FE66F00077E42D /* src */ = {
			isa = PBXGroup;
			children = (
				DA1559A3134A2E89002A71EE /* list.h */,
				DA08F7B411FE67020077E42D /* FSLog.h */,
				DA08F7B511FE67020077E42D /* FSLog.m */,
				DA08F7B611FE67020077E42D /* FSZip.h */,
				DA08F7B711FE67020077E42D /* FSZip.m */,
				DA08F7B811FE67020077E42D /* vector.h */,
				DA5941571211D79000C5F077 /* rdtsc.h */,
				DA5941581211D79000C5F077 /* rdtsc.c */,
				DA65A94B134E46C4001FD887 /* binary_scanner.c */,
				DA65A94C134E46C4001FD887 /* binary_scanner.h */,
			);
			path = src;
			sourceTree = "<group>";
		};
		DA08F7B911FE67290077E42D /* src-test */ = {
			isa = PBXGroup;
			children = (
				DA1B3D3512050C1100F59106 /* FSZip-test */,
				DA08F7BA11FE673A0077E42D /* vector-test.h */,
				DA08F7BB11FE673A0077E42D /* vector-test.m */,
			);
			path = "src-test";
			sourceTree = "<group>";
		};
		DA08F7BC11FE67430077E42D /* Linked Frameworks */ = {
			isa = PBXGroup;
			children = (
				DA5652D61209139B00E1E650 /* libzip.dylib */,
			);
			name = "Linked Frameworks";
			sourceTree = "<group>";
		};
		DA08F7BD11FE674C0077E42D /* Resources */ = {
			isa = PBXGroup;
			children = (
				DAD469DF120D1B4500AD4602 /* Library32-Info.plist */,
				DAD469EA120D1B5600AD4602 /* Library64-Info.plist */,
				DAD469F4120D1B6700AD4602 /* Library96-Info.plist */,
				DA08F7C511FE675D0077E42D /* Vector-Info.plist */,
				DA08F7D111FE67990077E42D /* Vector IA64-Info.plist */,
			);
			name = Resources;
			sourceTree = "<group>";
		};
		DA08F7C411FE675D0077E42D /* Products */ = {
			isa = PBXGroup;
			children = (
				DA08F7C311FE675D0077E42D /* Vector.octest */,
				DA08F7D011FE67990077E42D /* Vector IA64.octest */,
				DA5652D21209138600E1E650 /* FSZip-testWrite */,
				DA5652E5120914E400E1E650 /* FSZip-testRead */,
				DA1559AC134A2ECA002A71EE /* List.octest */,
				DA65A959134E58D9001FD887 /* Library.framework */,
				DA65A967134E58D9001FD887 /* LibraryTests.octest */,
			);
			name = Products;
			sourceTree = "<group>";
		};
		DA1559AD134A2ECA002A71EE /* Frameworks */ = {
			isa = PBXGroup;
			children = (
				DA1559AE134A2ECA002A71EE /* Cocoa.framework */,
				DA1559B0134A2ECA002A71EE /* Other Frameworks */,
			);
			name = Frameworks;
			sourceTree = "<group>";
		};
		DA1559B0134A2ECA002A71EE /* Other Frameworks */ = {
			isa = PBXGroup;
			children = (
				DA1559B1134A2ECA002A71EE /* AppKit.framework */,
				DA1559B2134A2ECA002A71EE /* CoreData.framework */,
				DA1559B3134A2ECA002A71EE /* Foundation.framework */,
			);
			name = "Other Frameworks";
			sourceTree = "<group>";
		};
		DA1559B4134A2ECA002A71EE /* List */ = {
			isa = PBXGroup;
			children = (
				DA1559BB134A2ECA002A71EE /* List.h */,
				DA1559BD134A2ECA002A71EE /* List.m */,
				DA1559B5134A2ECA002A71EE /* Supporting Files */,
			);
			path = List;
			sourceTree = "<group>";
		};
		DA1559B5134A2ECA002A71EE /* Supporting Files */ = {
			isa = PBXGroup;
			children = (
				DA1559B6134A2ECA002A71EE /* List-Info.plist */,
				DA1559B7134A2ECA002A71EE /* InfoPlist.strings */,
				DA1559BA134A2ECA002A71EE /* List-Prefix.pch */,
			);
			name = "Supporting Files";
			sourceTree = "<group>";
		};
		DA1B3D3512050C1100F59106 /* FSZip-test */ = {
			isa = PBXGroup;
			children = (
				DA1B3D3612050C2E00F59106 /* README */,
				DA1B3D3712050C2E00F59106 /* test0.txt */,
				DA1B3D3812050C2E00F59106 /* test1.txt */,
				DA1B3D3912050C6000F59106 /* testCompat.m */,
				DA1B3D6612052C0200F59106 /* testWrite.m */,
			);
			path = "FSZip-test";
			sourceTree = "<group>";
		};
		DA65A95B134E58D9001FD887 /* Library */ = {
			isa = PBXGroup;
			children = (
				DA65A95C134E58D9001FD887 /* Supporting Files */,
			);
			path = Library;
			sourceTree = "<group>";
		};
		DA65A95C134E58D9001FD887 /* Supporting Files */ = {
			isa = PBXGroup;
			children = (
				DA65A95D134E58D9001FD887 /* Library-Info.plist */,
				DA65A95E134E58D9001FD887 /* InfoPlist.strings */,
				DA65A961134E58D9001FD887 /* Library-Prefix.pch */,
			);
			name = "Supporting Files";
			sourceTree = "<group>";
		};
		DA65A96C134E58DA001FD887 /* LibraryTests */ = {
			isa = PBXGroup;
			children = (
				DA65A973134E58DA001FD887 /* LibraryTests.h */,
				DA65A975134E58DA001FD887 /* LibraryTests.m */,
				DA65A96D134E58DA001FD887 /* Supporting Files */,
			);
			path = LibraryTests;
			sourceTree = "<group>";
		};
		DA65A96D134E58DA001FD887 /* Supporting Files */ = {
			isa = PBXGroup;
			children = (
				DA65A96E134E58DA001FD887 /* LibraryTests-Info.plist */,
				DA65A96F134E58DA001FD887 /* InfoPlist.strings */,
				DA65A972134E58DA001FD887 /* LibraryTests-Prefix.pch */,
			);
			name = "Supporting Files";
			sourceTree = "<group>";
		};
		DAEDF51111FE66B80087D479 = {
			isa = PBXGroup;
			children = (
				DA08F7B311FE66F00077E42D /* src */,
				DA08F7B911FE67290077E42D /* src-test */,
				DA08F7BD11FE674C0077E42D /* Resources */,
				DA08F7BC11FE67430077E42D /* Linked Frameworks */,
				DA1559B4134A2ECA002A71EE /* List */,
				DA65A95B134E58D9001FD887 /* Library */,
				DA65A96C134E58DA001FD887 /* LibraryTests */,
				DA1559AD134A2ECA002A71EE /* Frameworks */,
				DA08F7C411FE675D0077E42D /* Products */,
			);
			sourceTree = "<group>";
		};
/* End PBXGroup section */

/* Begin PBXHeadersBuildPhase section */
		DA65A956134E58D9001FD887 /* Headers */ = {
			isa = PBXHeadersBuildPhase;
			buildActionMask = 2147483647;
			files = (
				DA65A97D134E58F1001FD887 /* vector.h in Headers */,
				DA65A981134E5901001FD887 /* binary_scanner.h in Headers */,
			);
			runOnlyForDeploymentPostprocessing = 0;
		};
		DAD469D9120D1B4500AD4602 /* Headers */ = {
			isa = PBXHeadersBuildPhase;
			buildActionMask = 2147483647;
			files = (
				DA59415B1211D79000C5F077 /* rdtsc.h in Headers */,
				DA1559A4134A2E89002A71EE /* list.h in Headers */,
			);
			runOnlyForDeploymentPostprocessing = 0;
		};
		DAD469E4120D1B5600AD4602 /* Headers */ = {
			isa = PBXHeadersBuildPhase;
			buildActionMask = 2147483647;
			files = (
				DAD469F8120D1B8100AD4602 /* FSLog.h in Headers */,
				DAD469F9120D1B8100AD4602 /* FSZip.h in Headers */,
				DA5941591211D79000C5F077 /* rdtsc.h in Headers */,
				DA1559A5134A2E89002A71EE /* list.h in Headers */,
			);
			runOnlyForDeploymentPostprocessing = 0;
		};
		DAD469EE120D1B6700AD4602 /* Headers */ = {
			isa = PBXHeadersBuildPhase;
			buildActionMask = 2147483647;
			files = (
				DA59415D1211D79000C5F077 /* rdtsc.h in Headers */,
				DA1559A6134A2E89002A71EE /* list.h in Headers */,
			);
			runOnlyForDeploymentPostprocessing = 0;
		};
/* End PBXHeadersBuildPhase section */

/* Begin PBXNativeTarget section */
		DA08F7C211FE675D0077E42D /* Vector IA32 */ = {
			isa = PBXNativeTarget;
			buildConfigurationList = DA08F7C811FE675E0077E42D /* Build configuration list for PBXNativeTarget "Vector IA32" */;
			buildPhases = (
				DA08F7BE11FE675D0077E42D /* Resources */,
				DA08F7BF11FE675D0077E42D /* Sources */,
				DA08F7C011FE675D0077E42D /* Frameworks */,
				DA08F7C111FE675D0077E42D /* ShellScript */,
			);
			buildRules = (
			);
			dependencies = (
			);
			name = "Vector IA32";
			productName = Vector;
			productReference = DA08F7C311FE675D0077E42D /* Vector.octest */;
			productType = "com.apple.product-type.bundle";
		};
		DA08F7CF11FE67990077E42D /* Vector IA64 */ = {
			isa = PBXNativeTarget;
			buildConfigurationList = DA08F7D411FE67990077E42D /* Build configuration list for PBXNativeTarget "Vector IA64" */;
			buildPhases = (
				DA08F7CB11FE67990077E42D /* Resources */,
				DA08F7CC11FE67990077E42D /* Sources */,
				DA08F7CD11FE67990077E42D /* Frameworks */,
				DA08F7CE11FE67990077E42D /* ShellScript */,
			);
			buildRules = (
			);
			dependencies = (
			);
			name = "Vector IA64";
			productName = "Vector IA64";
			productReference = DA08F7D011FE67990077E42D /* Vector IA64.octest */;
			productType = "com.apple.product-type.bundle";
		};
		DA1559AB134A2ECA002A71EE /* List */ = {
			isa = PBXNativeTarget;
			buildConfigurationList = DA1559BF134A2ECA002A71EE /* Build configuration list for PBXNativeTarget "List" */;
			buildPhases = (
				DA1559A7134A2ECA002A71EE /* Sources */,
				DA1559A8134A2ECA002A71EE /* Frameworks */,
				DA1559A9134A2ECA002A71EE /* Resources */,
				DA1559AA134A2ECA002A71EE /* ShellScript */,
			);
			buildRules = (
			);
			dependencies = (
			);
			name = List;
			productName = List;
			productReference = DA1559AC134A2ECA002A71EE /* List.octest */;
			productType = "com.apple.product-type.bundle";
		};
		DA5652D11209138600E1E650 /* FSZip-testWrite */ = {
			isa = PBXNativeTarget;
			buildConfigurationList = DA5652D81209139C00E1E650 /* Build configuration list for PBXNativeTarget "FSZip-testWrite" */;
			buildPhases = (
				DA5652CF1209138600E1E650 /* Sources */,
				DA5652D01209138600E1E650 /* Frameworks */,
				DA5652F11209160300E1E650 /* Remove Old Archive */,
			);
			buildRules = (
			);
			dependencies = (
			);
			name = "FSZip-testWrite";
			productName = "FSZip-testWrite";
			productReference = DA5652D21209138600E1E650 /* FSZip-testWrite */;
			productType = "com.apple.product-type.tool";
		};
		DA5652E4120914E400E1E650 /* FSZip-testCompat */ = {
			isa = PBXNativeTarget;
			buildConfigurationList = DA5652EF1209157000E1E650 /* Build configuration list for PBXNativeTarget "FSZip-testCompat" */;
			buildPhases = (
				DA5652E2120914E400E1E650 /* Sources */,
				DA5652E3120914E400E1E650 /* Frameworks */,
				DA5652EE1209155200E1E650 /* Create ZIP Archive */,
			);
			buildRules = (
			);
			dependencies = (
			);
			name = "FSZip-testCompat";
			productName = "FSZip-testRead";
			productReference = DA5652E5120914E400E1E650 /* FSZip-testRead */;
			productType = "com.apple.product-type.tool";
		};
		DA65A958134E58D9001FD887 /* Library */ = {
			isa = PBXNativeTarget;
			buildConfigurationList = DA65A977134E58DA001FD887 /* Build configuration list for PBXNativeTarget "Library" */;
			buildPhases = (
				DA65A954134E58D9001FD887 /* Sources */,
				DA65A955134E58D9001FD887 /* Frameworks */,
				DA65A956134E58D9001FD887 /* Headers */,
				DA65A957134E58D9001FD887 /* Resources */,
			);
			buildRules = (
			);
			dependencies = (
			);
			name = Library;
			productName = Library;
			productReference = DA65A959134E58D9001FD887 /* Library.framework */;
			productType = "com.apple.product-type.framework";
		};
		DA65A966134E58D9001FD887 /* LibraryTests */ = {
			isa = PBXNativeTarget;
			buildConfigurationList = DA65A97A134E58DA001FD887 /* Build configuration list for PBXNativeTarget "LibraryTests" */;
			buildPhases = (
				DA65A962134E58D9001FD887 /* Sources */,
				DA65A963134E58D9001FD887 /* Frameworks */,
				DA65A964134E58D9001FD887 /* Resources */,
				DA65A965134E58D9001FD887 /* ShellScript */,
			);
			buildRules = (
			);
			dependencies = (
				DA65A96A134E58DA001FD887 /* PBXTargetDependency */,
			);
			name = LibraryTests;
			productName = LibraryTests;
			productReference = DA65A967134E58D9001FD887 /* LibraryTests.octest */;
			productType = "com.apple.product-type.bundle";
		};
		DAD469DD120D1B4500AD4602 /* Library32 */ = {
			isa = PBXNativeTarget;
			buildConfigurationList = DAD469E2120D1B4600AD4602 /* Build configuration list for PBXNativeTarget "Library32" */;
			buildPhases = (
				DAD469D9120D1B4500AD4602 /* Headers */,
				DAD469DA120D1B4500AD4602 /* Resources */,
				DAD469DB120D1B4500AD4602 /* Sources */,
				DAD469DC120D1B4500AD4602 /* Frameworks */,
			);
			buildRules = (
			);
			dependencies = (
			);
			name = Library32;
			productName = Library32;
			productReference = DAD469DE120D1B4500AD4602 /* Library32.framework */;
			productType = "com.apple.product-type.framework";
		};
		DAD469E8120D1B5600AD4602 /* Library64 */ = {
			isa = PBXNativeTarget;
			buildConfigurationList = DAD469ED120D1B5600AD4602 /* Build configuration list for PBXNativeTarget "Library64" */;
			buildPhases = (
				DAD469E4120D1B5600AD4602 /* Headers */,
				DAD469E5120D1B5600AD4602 /* Resources */,
				DAD46A03120D1BF400AD4602 /* Copy Frameworks */,
				DAD469E6120D1B5600AD4602 /* Sources */,
				DAD469E7120D1B5600AD4602 /* Frameworks */,
				DAD46A01120D1BD600AD4602 /* Change libzip Path */,
			);
			buildRules = (
			);
			dependencies = (
			);
			name = Library64;
			productName = Library64;
			productReference = DAD469E9120D1B5600AD4602 /* Library64.framework */;
			productType = "com.apple.product-type.framework";
		};
		DAD469F2120D1B6700AD4602 /* Library96 */ = {
			isa = PBXNativeTarget;
			buildConfigurationList = DAD469F7120D1B6800AD4602 /* Build configuration list for PBXNativeTarget "Library96" */;
			buildPhases = (
				DAD469EE120D1B6700AD4602 /* Headers */,
				DAD469EF120D1B6700AD4602 /* Resources */,
				DAD469F0120D1B6700AD4602 /* Sources */,
				DAD469F1120D1B6700AD4602 /* Frameworks */,
			);
			buildRules = (
			);
			dependencies = (
			);
			name = Library96;
			productName = Library96;
			productReference = DAD469F3120D1B6700AD4602 /* Library96.framework */;
			productType = "com.apple.product-type.framework";
		};
/* End PBXNativeTarget section */

/* Begin PBXProject section */
		DAEDF51311FE66B80087D479 /* Project object */ = {
			isa = PBXProject;
			attributes = {
				ORGANIZATIONNAME = FSDEV;
			};
			buildConfigurationList = DAEDF51611FE66B80087D479 /* Build configuration list for PBXProject "Library" */;
			compatibilityVersion = "Xcode 3.2";
			developmentRegion = English;
			hasScannedForEncodings = 0;
			knownRegions = (
				en,
			);
			mainGroup = DAEDF51111FE66B80087D479;
			productRefGroup = DA08F7C411FE675D0077E42D /* Products */;
			projectDirPath = "";
			projectRoot = "";
			targets = (
				DA08F7C211FE675D0077E42D /* Vector IA32 */,
				DA08F7CF11FE67990077E42D /* Vector IA64 */,
				DA08F7DC11FE68150077E42D /* Vector */,
				DA5652D11209138600E1E650 /* FSZip-testWrite */,
				DA5652E4120914E400E1E650 /* FSZip-testCompat */,
				DAD469DD120D1B4500AD4602 /* Library32 */,
				DAD469E8120D1B5600AD4602 /* Library64 */,
				DAD469F2120D1B6700AD4602 /* Library96 */,
				DA1559AB134A2ECA002A71EE /* List */,
				DA65A958134E58D9001FD887 /* Library */,
				DA65A966134E58D9001FD887 /* LibraryTests */,
			);
		};
/* End PBXProject section */

/* Begin PBXResourcesBuildPhase section */
		DA08F7BE11FE675D0077E42D /* Resources */ = {
			isa = PBXResourcesBuildPhase;
			buildActionMask = 2147483647;
			files = (
			);
			runOnlyForDeploymentPostprocessing = 0;
		};
		DA08F7CB11FE67990077E42D /* Resources */ = {
			isa = PBXResourcesBuildPhase;
			buildActionMask = 2147483647;
			files = (
			);
			runOnlyForDeploymentPostprocessing = 0;
		};
		DA1559A9134A2ECA002A71EE /* Resources */ = {
			isa = PBXResourcesBuildPhase;
			buildActionMask = 2147483647;
			files = (
				DA1559B9134A2ECA002A71EE /* InfoPlist.strings in Resources */,
				DA1559BC134A2ECA002A71EE /* List.h in Resources */,
			);
			runOnlyForDeploymentPostprocessing = 0;
		};
		DA65A957134E58D9001FD887 /* Resources */ = {
			isa = PBXResourcesBuildPhase;
			buildActionMask = 2147483647;
			files = (
				DA65A960134E58D9001FD887 /* InfoPlist.strings in Resources */,
			);
			runOnlyForDeploymentPostprocessing = 0;
		};
		DA65A964134E58D9001FD887 /* Resources */ = {
			isa = PBXResourcesBuildPhase;
			buildActionMask = 2147483647;
			files = (
				DA65A971134E58DA001FD887 /* InfoPlist.strings in Resources */,
				DA65A974134E58DA001FD887 /* LibraryTests.h in Resources */,
			);
			runOnlyForDeploymentPostprocessing = 0;
		};
		DAD469DA120D1B4500AD4602 /* Resources */ = {
			isa = PBXResourcesBuildPhase;
			buildActionMask = 2147483647;
			files = (
			);
			runOnlyForDeploymentPostprocessing = 0;
		};
		DAD469E5120D1B5600AD4602 /* Resources */ = {
			isa = PBXResourcesBuildPhase;
			buildActionMask = 2147483647;
			files = (
			);
			runOnlyForDeploymentPostprocessing = 0;
		};
		DAD469EF120D1B6700AD4602 /* Resources */ = {
			isa = PBXResourcesBuildPhase;
			buildActionMask = 2147483647;
			files = (
			);
			runOnlyForDeploymentPostprocessing = 0;
		};
/* End PBXResourcesBuildPhase section */

/* Begin PBXShellScriptBuildPhase section */
		DA08F7C111FE675D0077E42D /* ShellScript */ = {
			isa = PBXShellScriptBuildPhase;
			buildActionMask = 2147483647;
			files = (
			);
			inputPaths = (
			);
			outputPaths = (
			);
			runOnlyForDeploymentPostprocessing = 0;
			shellPath = /bin/sh;
			shellScript = "# Run the unit tests in this test bundle.\n\"${SYSTEM_DEVELOPER_DIR}/Tools/RunUnitTests\"\n";
		};
		DA08F7CE11FE67990077E42D /* ShellScript */ = {
			isa = PBXShellScriptBuildPhase;
			buildActionMask = 2147483647;
			files = (
			);
			inputPaths = (
			);
			outputPaths = (
			);
			runOnlyForDeploymentPostprocessing = 0;
			shellPath = /bin/sh;
			shellScript = "# Run the unit tests in this test bundle.\n\"${SYSTEM_DEVELOPER_DIR}/Tools/RunUnitTests\"\n";
		};
		DA1559AA134A2ECA002A71EE /* ShellScript */ = {
			isa = PBXShellScriptBuildPhase;
			buildActionMask = 2147483647;
			files = (
			);
			inputPaths = (
			);
			outputPaths = (
			);
			runOnlyForDeploymentPostprocessing = 0;
			shellPath = /bin/sh;
			shellScript = "# Run the unit tests in this test bundle.\n\"${SYSTEM_DEVELOPER_DIR}/Tools/RunUnitTests\"\n";
		};
		DA5652EE1209155200E1E650 /* Create ZIP Archive */ = {
			isa = PBXShellScriptBuildPhase;
			buildActionMask = 2147483647;
			comments = "Creates a ZIP archive using the system zip archive tool.  If the FSZip tool fails, then there is an compatibility issue.";
			files = (
			);
			inputPaths = (
			);
			name = "Create ZIP Archive";
			outputPaths = (
			);
			runOnlyForDeploymentPostprocessing = 0;
			shellPath = /bin/sh;
			shellScript = "if [ -e $BUILT_PRODUCTS_DIR/syszip.zip ]; then\n  rm -f $BUiLT_PRODUCTS_DIR/syszip.zip\nfi\n\nzip -rj $BUILT_PRODUCTS_DIR/syszip.zip $PROJECT_DIR/src-test/FSZip-test/test?.txt";
		};
		DA5652F11209160300E1E650 /* Remove Old Archive */ = {
			isa = PBXShellScriptBuildPhase;
			buildActionMask = 2147483647;
			comments = "Removes the old ZIP file if it's there.";
			files = (
			);
			inputPaths = (
			);
			name = "Remove Old Archive";
			outputPaths = (
			);
			runOnlyForDeploymentPostprocessing = 0;
			shellPath = /bin/sh;
			shellScript = "if [ -e $BUILT_PRODUCTS_DIR/fszip.zip ]; then\n  rm -f $BUILT_PRODUCTS_DIR/fszip.zip\nfi";
		};
		DA65A965134E58D9001FD887 /* ShellScript */ = {
			isa = PBXShellScriptBuildPhase;
			buildActionMask = 2147483647;
			files = (
			);
			inputPaths = (
			);
			outputPaths = (
			);
			runOnlyForDeploymentPostprocessing = 0;
			shellPath = /bin/sh;
			shellScript = "# Run the unit tests in this test bundle.\n\"${SYSTEM_DEVELOPER_DIR}/Tools/RunUnitTests\"\n";
		};
		DAD46A01120D1BD600AD4602 /* Change libzip Path */ = {
			isa = PBXShellScriptBuildPhase;
			buildActionMask = 2147483647;
			files = (
			);
			inputPaths = (
			);
			name = "Change libzip Path";
			outputPaths = (
			);
			runOnlyForDeploymentPostprocessing = 0;
			shellPath = /bin/sh;
			shellScript = "ABS_PATH=\"/usr/local/lib/libzip1.0.0.dylib\"\nREL_PATH=\"@executable_path/../Frameworks/libzip1.0.0.dylib\"\n\ninstall_name_tool -change $ABS_PATH $REL_PATH $TARGET_BUILD_DIR/$EXECUTABLE_PATH";
		};
/* End PBXShellScriptBuildPhase section */

/* Begin PBXSourcesBuildPhase section */
		DA08F7BF11FE675D0077E42D /* Sources */ = {
			isa = PBXSourcesBuildPhase;
			buildActionMask = 2147483647;
			files = (
				DA08F7CA11FE676F0077E42D /* vector-test.m in Sources */,
			);
			runOnlyForDeploymentPostprocessing = 0;
		};
		DA08F7CC11FE67990077E42D /* Sources */ = {
			isa = PBXSourcesBuildPhase;
			buildActionMask = 2147483647;
			files = (
				DA08F7D511FE67BA0077E42D /* vector-test.m in Sources */,
			);
			runOnlyForDeploymentPostprocessing = 0;
		};
		DA1559A7134A2ECA002A71EE /* Sources */ = {
			isa = PBXSourcesBuildPhase;
			buildActionMask = 2147483647;
			files = (
				DA1559BE134A2ECA002A71EE /* List.m in Sources */,
			);
			runOnlyForDeploymentPostprocessing = 0;
		};
		DA5652CF1209138600E1E650 /* Sources */ = {
			isa = PBXSourcesBuildPhase;
			buildActionMask = 2147483647;
			files = (
				DA5652D9120913C900E1E650 /* FSZip.m in Sources */,
				DA5652DA120913CD00E1E650 /* testWrite.m in Sources */,
			);
			runOnlyForDeploymentPostprocessing = 0;
		};
		DA5652E2120914E400E1E650 /* Sources */ = {
			isa = PBXSourcesBuildPhase;
			buildActionMask = 2147483647;
			files = (
				DA5652EC1209152B00E1E650 /* FSZip.m in Sources */,
				DA5652EB1209151700E1E650 /* testCompat.m in Sources */,
			);
			runOnlyForDeploymentPostprocessing = 0;
		};
		DA65A954134E58D9001FD887 /* Sources */ = {
			isa = PBXSourcesBuildPhase;
			buildActionMask = 2147483647;
			files = (
				DA65A97E134E58F9001FD887 /* binary_scanner.c in Sources */,
			);
			runOnlyForDeploymentPostprocessing = 0;
		};
		DA65A962134E58D9001FD887 /* Sources */ = {
			isa = PBXSourcesBuildPhase;
			buildActionMask = 2147483647;
			files = (
				DA65A976134E58DA001FD887 /* LibraryTests.m in Sources */,
				DA65A97F134E58FA001FD887 /* binary_scanner.c in Sources */,
			);
			runOnlyForDeploymentPostprocessing = 0;
		};
		DAD469DB120D1B4500AD4602 /* Sources */ = {
			isa = PBXSourcesBuildPhase;
			buildActionMask = 2147483647;
			files = (
				DA59415C1211D79000C5F077 /* rdtsc.c in Sources */,
			);
			runOnlyForDeploymentPostprocessing = 0;
		};
		DAD469E6120D1B5600AD4602 /* Sources */ = {
			isa = PBXSourcesBuildPhase;
			buildActionMask = 2147483647;
			files = (
				DAD469FD120D1BBE00AD4602 /* FSLog.m in Sources */,
				DAD469FE120D1BBE00AD4602 /* FSZip.m in Sources */,
				DA59415A1211D79000C5F077 /* rdtsc.c in Sources */,
			);
			runOnlyForDeploymentPostprocessing = 0;
		};
		DAD469F0120D1B6700AD4602 /* Sources */ = {
			isa = PBXSourcesBuildPhase;
			buildActionMask = 2147483647;
			files = (
				DA59415E1211D79000C5F077 /* rdtsc.c in Sources */,
			);
			runOnlyForDeploymentPostprocessing = 0;
		};
/* End PBXSourcesBuildPhase section */

/* Begin PBXTargetDependency section */
		DA08F7E011FE681B0077E42D /* PBXTargetDependency */ = {
			isa = PBXTargetDependency;
			target = DA08F7CF11FE67990077E42D /* Vector IA64 */;
			targetProxy = DA08F7DF11FE681B0077E42D /* PBXContainerItemProxy */;
		};
		DA08F7E211FE681B0077E42D /* PBXTargetDependency */ = {
			isa = PBXTargetDependency;
			target = DA08F7C211FE675D0077E42D /* Vector IA32 */;
			targetProxy = DA08F7E111FE681B0077E42D /* PBXContainerItemProxy */;
		};
		DA65A96A134E58DA001FD887 /* PBXTargetDependency */ = {
			isa = PBXTargetDependency;
			target = DA65A958134E58D9001FD887 /* Library */;
			targetProxy = DA65A969134E58DA001FD887 /* PBXContainerItemProxy */;
		};
/* End PBXTargetDependency section */

/* Begin PBXVariantGroup section */
		DA1559B7134A2ECA002A71EE /* InfoPlist.strings */ = {
			isa = PBXVariantGroup;
			children = (
				DA1559B8134A2ECA002A71EE /* en */,
			);
			name = InfoPlist.strings;
			sourceTree = "<group>";
		};
		DA65A95E134E58D9001FD887 /* InfoPlist.strings */ = {
			isa = PBXVariantGroup;
			children = (
				DA65A95F134E58D9001FD887 /* en */,
			);
			name = InfoPlist.strings;
			sourceTree = "<group>";
		};
		DA65A96F134E58DA001FD887 /* InfoPlist.strings */ = {
			isa = PBXVariantGroup;
			children = (
				DA65A970134E58DA001FD887 /* en */,
			);
			name = InfoPlist.strings;
			sourceTree = "<group>";
		};
/* End PBXVariantGroup section */

/* Begin XCBuildConfiguration section */
		DA08F7C611FE675E0077E42D /* Debug */ = {
			isa = XCBuildConfiguration;
			buildSettings = {
				ALWAYS_SEARCH_USER_PATHS = NO;
				ARCHS = "$(ARCHS_STANDARD_32_BIT)";
				COPY_PHASE_STRIP = NO;
				FRAMEWORK_SEARCH_PATHS = "$(DEVELOPER_LIBRARY_DIR)/Frameworks";
				GCC_DYNAMIC_NO_PIC = NO;
				GCC_ENABLE_FIX_AND_CONTINUE = NO;
				GCC_ENABLE_OBJC_EXCEPTIONS = YES;
				GCC_MODEL_TUNING = G5;
				GCC_OPTIMIZATION_LEVEL = 0;
				GCC_PRECOMPILE_PREFIX_HEADER = YES;
				GCC_PREFIX_HEADER = "$(SYSTEM_LIBRARY_DIR)/Frameworks/Cocoa.framework/Headers/Cocoa.h";
				INFOPLIST_FILE = "Vector-Info.plist";
				INSTALL_PATH = "$(USER_LIBRARY_DIR)/Bundles";
				OTHER_LDFLAGS = (
					"-framework",
					Cocoa,
					"-framework",
					SenTestingKit,
				);
				PREBINDING = NO;
				PRODUCT_NAME = Vector;
				VALID_ARCHS = i386;
				WRAPPER_EXTENSION = octest;
			};
			name = Debug;
		};
		DA08F7C711FE675E0077E42D /* Release */ = {
			isa = XCBuildConfiguration;
			buildSettings = {
				ALWAYS_SEARCH_USER_PATHS = NO;
				COPY_PHASE_STRIP = YES;
				DEBUG_INFORMATION_FORMAT = "dwarf-with-dsym";
				FRAMEWORK_SEARCH_PATHS = "$(DEVELOPER_LIBRARY_DIR)/Frameworks";
				GCC_ENABLE_FIX_AND_CONTINUE = NO;
				GCC_ENABLE_OBJC_EXCEPTIONS = YES;
				GCC_MODEL_TUNING = G5;
				GCC_PRECOMPILE_PREFIX_HEADER = YES;
				GCC_PREFIX_HEADER = "$(SYSTEM_LIBRARY_DIR)/Frameworks/Cocoa.framework/Headers/Cocoa.h";
				INFOPLIST_FILE = "Vector-Info.plist";
				INSTALL_PATH = "$(USER_LIBRARY_DIR)/Bundles";
				OTHER_LDFLAGS = (
					"-framework",
					Cocoa,
					"-framework",
					SenTestingKit,
				);
				PREBINDING = NO;
				PRODUCT_NAME = Vector;
				WRAPPER_EXTENSION = octest;
				ZERO_LINK = NO;
			};
			name = Release;
		};
		DA08F7D211FE67990077E42D /* Debug */ = {
			isa = XCBuildConfiguration;
			buildSettings = {
				ALWAYS_SEARCH_USER_PATHS = NO;
				ARCHS = "$(ARCHS_STANDARD_64_BIT)";
				COPY_PHASE_STRIP = NO;
				FRAMEWORK_SEARCH_PATHS = "$(DEVELOPER_LIBRARY_DIR)/Frameworks";
				GCC_DYNAMIC_NO_PIC = NO;
				GCC_ENABLE_FIX_AND_CONTINUE = NO;
				GCC_ENABLE_OBJC_EXCEPTIONS = YES;
				GCC_MODEL_TUNING = G5;
				GCC_OPTIMIZATION_LEVEL = 0;
				GCC_PRECOMPILE_PREFIX_HEADER = YES;
				GCC_PREFIX_HEADER = "$(SYSTEM_LIBRARY_DIR)/Frameworks/Cocoa.framework/Headers/Cocoa.h";
				INFOPLIST_FILE = "Vector IA64-Info.plist";
				INSTALL_PATH = "$(USER_LIBRARY_DIR)/Bundles";
				OTHER_LDFLAGS = (
					"-framework",
					Cocoa,
					"-framework",
					SenTestingKit,
				);
				PREBINDING = NO;
				PRODUCT_NAME = "Vector IA64";
				VALID_ARCHS = x86_64;
				WRAPPER_EXTENSION = octest;
			};
			name = Debug;
		};
		DA08F7D311FE67990077E42D /* Release */ = {
			isa = XCBuildConfiguration;
			buildSettings = {
				ALWAYS_SEARCH_USER_PATHS = NO;
				COPY_PHASE_STRIP = YES;
				DEBUG_INFORMATION_FORMAT = "dwarf-with-dsym";
				FRAMEWORK_SEARCH_PATHS = "$(DEVELOPER_LIBRARY_DIR)/Frameworks";
				GCC_ENABLE_FIX_AND_CONTINUE = NO;
				GCC_ENABLE_OBJC_EXCEPTIONS = YES;
				GCC_MODEL_TUNING = G5;
				GCC_PRECOMPILE_PREFIX_HEADER = YES;
				GCC_PREFIX_HEADER = "$(SYSTEM_LIBRARY_DIR)/Frameworks/Cocoa.framework/Headers/Cocoa.h";
				INFOPLIST_FILE = "Vector IA64-Info.plist";
				INSTALL_PATH = "$(USER_LIBRARY_DIR)/Bundles";
				OTHER_LDFLAGS = (
					"-framework",
					Cocoa,
					"-framework",
					SenTestingKit,
				);
				PREBINDING = NO;
				PRODUCT_NAME = "Vector IA64";
				WRAPPER_EXTENSION = octest;
				ZERO_LINK = NO;
			};
			name = Release;
		};
		DA08F7DD11FE68150077E42D /* Debug */ = {
			isa = XCBuildConfiguration;
			buildSettings = {
				COPY_PHASE_STRIP = NO;
				GCC_DYNAMIC_NO_PIC = NO;
				GCC_OPTIMIZATION_LEVEL = 0;
				PRODUCT_NAME = Vector;
			};
			name = Debug;
		};
		DA08F7DE11FE68150077E42D /* Release */ = {
			isa = XCBuildConfiguration;
			buildSettings = {
				COPY_PHASE_STRIP = YES;
				DEBUG_INFORMATION_FORMAT = "dwarf-with-dsym";
				GCC_ENABLE_FIX_AND_CONTINUE = NO;
				PRODUCT_NAME = Vector;
				ZERO_LINK = NO;
			};
			name = Release;
		};
		DA1559C0134A2ECA002A71EE /* Debug */ = {
			isa = XCBuildConfiguration;
			buildSettings = {
				ALWAYS_SEARCH_USER_PATHS = NO;
				ARCHS = "$(ARCHS_STANDARD_32_64_BIT)";
				COPY_PHASE_STRIP = NO;
				FRAMEWORK_SEARCH_PATHS = "$(DEVELOPER_LIBRARY_DIR)/Frameworks";
				GCC_C_LANGUAGE_STANDARD = gnu99;
				GCC_DYNAMIC_NO_PIC = NO;
				GCC_ENABLE_OBJC_EXCEPTIONS = YES;
				GCC_OPTIMIZATION_LEVEL = 0;
				GCC_PRECOMPILE_PREFIX_HEADER = YES;
				GCC_PREFIX_HEADER = "List/List-Prefix.pch";
				GCC_PREPROCESSOR_DEFINITIONS = DEBUG;
				GCC_SYMBOLS_PRIVATE_EXTERN = NO;
				GCC_WARN_64_TO_32_BIT_CONVERSION = YES;
				GCC_WARN_ABOUT_RETURN_TYPE = YES;
				GCC_WARN_UNUSED_VARIABLE = YES;
				INFOPLIST_FILE = "List/List-Info.plist";
				MACOSX_DEPLOYMENT_TARGET = 10.6;
				ONLY_ACTIVE_ARCH = YES;
				OTHER_LDFLAGS = (
					"-framework",
					SenTestingKit,
				);
				PRODUCT_NAME = "$(TARGET_NAME)";
				SDKROOT = macosx;
				WRAPPER_EXTENSION = octest;
			};
			name = Debug;
		};
		DA1559C1134A2ECA002A71EE /* Release */ = {
			isa = XCBuildConfiguration;
			buildSettings = {
				ALWAYS_SEARCH_USER_PATHS = NO;
				ARCHS = "$(ARCHS_STANDARD_32_64_BIT)";
				COPY_PHASE_STRIP = YES;
				DEBUG_INFORMATION_FORMAT = "dwarf-with-dsym";
				FRAMEWORK_SEARCH_PATHS = "$(DEVELOPER_LIBRARY_DIR)/Frameworks";
				GCC_C_LANGUAGE_STANDARD = gnu99;
				GCC_ENABLE_OBJC_EXCEPTIONS = YES;
				GCC_PRECOMPILE_PREFIX_HEADER = YES;
				GCC_PREFIX_HEADER = "List/List-Prefix.pch";
				GCC_WARN_64_TO_32_BIT_CONVERSION = YES;
				GCC_WARN_ABOUT_RETURN_TYPE = YES;
				GCC_WARN_UNUSED_VARIABLE = YES;
				INFOPLIST_FILE = "List/List-Info.plist";
				MACOSX_DEPLOYMENT_TARGET = 10.6;
				OTHER_LDFLAGS = (
					"-framework",
					SenTestingKit,
				);
				PRODUCT_NAME = "$(TARGET_NAME)";
				SDKROOT = macosx;
				WRAPPER_EXTENSION = octest;
			};
			name = Release;
		};
		DA5652D41209138700E1E650 /* Debug */ = {
			isa = XCBuildConfiguration;
			buildSettings = {
				ALWAYS_SEARCH_USER_PATHS = NO;
				COPY_PHASE_STRIP = NO;
				GCC_DYNAMIC_NO_PIC = NO;
				GCC_ENABLE_FIX_AND_CONTINUE = YES;
				GCC_MODEL_TUNING = G5;
				GCC_OPTIMIZATION_LEVEL = 0;
				GCC_PRECOMPILE_PREFIX_HEADER = YES;
				GCC_PREFIX_HEADER = "$(SYSTEM_LIBRARY_DIR)/Frameworks/AppKit.framework/Headers/AppKit.h";
				INSTALL_PATH = /usr/local/bin;
				OTHER_LDFLAGS = (
					"-framework",
					Foundation,
					"-framework",
					AppKit,
				);
				PREBINDING = NO;
				PRODUCT_NAME = "FSZip-testWrite";
			};
			name = Debug;
		};
		DA5652D51209138700E1E650 /* Release */ = {
			isa = XCBuildConfiguration;
			buildSettings = {
				ALWAYS_SEARCH_USER_PATHS = NO;
				COPY_PHASE_STRIP = YES;
				DEBUG_INFORMATION_FORMAT = "dwarf-with-dsym";
				GCC_ENABLE_FIX_AND_CONTINUE = NO;
				GCC_MODEL_TUNING = G5;
				GCC_PRECOMPILE_PREFIX_HEADER = YES;
				GCC_PREFIX_HEADER = "$(SYSTEM_LIBRARY_DIR)/Frameworks/AppKit.framework/Headers/AppKit.h";
				INSTALL_PATH = /usr/local/bin;
				OTHER_LDFLAGS = (
					"-framework",
					Foundation,
					"-framework",
					AppKit,
				);
				PREBINDING = NO;
				PRODUCT_NAME = "FSZip-testWrite";
				ZERO_LINK = NO;
			};
			name = Release;
		};
		DA5652E7120914E400E1E650 /* Debug */ = {
			isa = XCBuildConfiguration;
			buildSettings = {
				ALWAYS_SEARCH_USER_PATHS = NO;
				COPY_PHASE_STRIP = NO;
				GCC_DYNAMIC_NO_PIC = NO;
				GCC_ENABLE_FIX_AND_CONTINUE = YES;
				GCC_MODEL_TUNING = G5;
				GCC_OPTIMIZATION_LEVEL = 0;
				GCC_PRECOMPILE_PREFIX_HEADER = YES;
				GCC_PREFIX_HEADER = "$(SYSTEM_LIBRARY_DIR)/Frameworks/AppKit.framework/Headers/AppKit.h";
				INSTALL_PATH = /usr/local/bin;
				OTHER_LDFLAGS = (
					"-framework",
					Foundation,
					"-framework",
					AppKit,
				);
				PREBINDING = NO;
				PRODUCT_NAME = "FSZip-testRead";
			};
			name = Debug;
		};
		DA5652E8120914E400E1E650 /* Release */ = {
			isa = XCBuildConfiguration;
			buildSettings = {
				ALWAYS_SEARCH_USER_PATHS = NO;
				COPY_PHASE_STRIP = YES;
				DEBUG_INFORMATION_FORMAT = "dwarf-with-dsym";
				GCC_ENABLE_FIX_AND_CONTINUE = NO;
				GCC_MODEL_TUNING = G5;
				GCC_PRECOMPILE_PREFIX_HEADER = YES;
				GCC_PREFIX_HEADER = "$(SYSTEM_LIBRARY_DIR)/Frameworks/AppKit.framework/Headers/AppKit.h";
				INSTALL_PATH = /usr/local/bin;
				OTHER_LDFLAGS = (
					"-framework",
					Foundation,
					"-framework",
					AppKit,
				);
				PREBINDING = NO;
				PRODUCT_NAME = "FSZip-testRead";
				ZERO_LINK = NO;
			};
			name = Release;
		};
		DA65A978134E58DA001FD887 /* Debug */ = {
			isa = XCBuildConfiguration;
			buildSettings = {
				ALWAYS_SEARCH_USER_PATHS = NO;
				ARCHS = "$(ARCHS_STANDARD_32_64_BIT)";
				COPY_PHASE_STRIP = NO;
				DYLIB_COMPATIBILITY_VERSION = 1;
				DYLIB_CURRENT_VERSION = 1;
				FRAMEWORK_VERSION = A;
				GCC_C_LANGUAGE_STANDARD = gnu99;
				GCC_DYNAMIC_NO_PIC = NO;
				GCC_ENABLE_OBJC_EXCEPTIONS = YES;
				GCC_OPTIMIZATION_LEVEL = 0;
				GCC_PRECOMPILE_PREFIX_HEADER = YES;
				GCC_PREFIX_HEADER = "Library/Library-Prefix.pch";
				GCC_PREPROCESSOR_DEFINITIONS = DEBUG;
				GCC_SYMBOLS_PRIVATE_EXTERN = NO;
				GCC_WARN_64_TO_32_BIT_CONVERSION = YES;
				GCC_WARN_ABOUT_RETURN_TYPE = YES;
				GCC_WARN_UNUSED_VARIABLE = YES;
				INFOPLIST_FILE = "Library/Library-Info.plist";
				MACOSX_DEPLOYMENT_TARGET = 10.6;
				ONLY_ACTIVE_ARCH = YES;
				PRODUCT_NAME = "$(TARGET_NAME)";
				SDKROOT = macosx;
				WRAPPER_EXTENSION = framework;
			};
			name = Debug;
		};
		DA65A979134E58DA001FD887 /* Release */ = {
			isa = XCBuildConfiguration;
			buildSettings = {
				ALWAYS_SEARCH_USER_PATHS = NO;
				ARCHS = "$(ARCHS_STANDARD_32_64_BIT)";
				COPY_PHASE_STRIP = YES;
				DEBUG_INFORMATION_FORMAT = "dwarf-with-dsym";
				DYLIB_COMPATIBILITY_VERSION = 1;
				DYLIB_CURRENT_VERSION = 1;
				FRAMEWORK_VERSION = A;
				GCC_C_LANGUAGE_STANDARD = gnu99;
				GCC_ENABLE_OBJC_EXCEPTIONS = YES;
				GCC_PRECOMPILE_PREFIX_HEADER = YES;
				GCC_PREFIX_HEADER = "Library/Library-Prefix.pch";
				GCC_WARN_64_TO_32_BIT_CONVERSION = YES;
				GCC_WARN_ABOUT_RETURN_TYPE = YES;
				GCC_WARN_UNUSED_VARIABLE = YES;
				INFOPLIST_FILE = "Library/Library-Info.plist";
				MACOSX_DEPLOYMENT_TARGET = 10.6;
				PRODUCT_NAME = "$(TARGET_NAME)";
				SDKROOT = macosx;
				WRAPPER_EXTENSION = framework;
			};
			name = Release;
		};
		DA65A97B134E58DA001FD887 /* Debug */ = {
			isa = XCBuildConfiguration;
			buildSettings = {
				ALWAYS_SEARCH_USER_PATHS = NO;
				ARCHS = "$(ARCHS_STANDARD_32_64_BIT)";
				COPY_PHASE_STRIP = NO;
				FRAMEWORK_SEARCH_PATHS = "$(DEVELOPER_LIBRARY_DIR)/Frameworks";
				GCC_C_LANGUAGE_STANDARD = gnu99;
				GCC_DYNAMIC_NO_PIC = NO;
				GCC_ENABLE_OBJC_EXCEPTIONS = YES;
				GCC_OPTIMIZATION_LEVEL = 0;
				GCC_PRECOMPILE_PREFIX_HEADER = YES;
				GCC_PREFIX_HEADER = "LibraryTests/LibraryTests-Prefix.pch";
				GCC_PREPROCESSOR_DEFINITIONS = DEBUG;
				GCC_SYMBOLS_PRIVATE_EXTERN = NO;
				GCC_WARN_64_TO_32_BIT_CONVERSION = YES;
				GCC_WARN_ABOUT_RETURN_TYPE = YES;
				GCC_WARN_UNUSED_VARIABLE = YES;
				INFOPLIST_FILE = "LibraryTests/LibraryTests-Info.plist";
				MACOSX_DEPLOYMENT_TARGET = 10.6;
				ONLY_ACTIVE_ARCH = YES;
				OTHER_LDFLAGS = (
					"-framework",
					SenTestingKit,
				);
				PRODUCT_NAME = "$(TARGET_NAME)";
				SDKROOT = macosx;
				WRAPPER_EXTENSION = octest;
			};
			name = Debug;
		};
		DA65A97C134E58DA001FD887 /* Release */ = {
			isa = XCBuildConfiguration;
			buildSettings = {
				ALWAYS_SEARCH_USER_PATHS = NO;
				ARCHS = "$(ARCHS_STANDARD_32_64_BIT)";
				COPY_PHASE_STRIP = YES;
				DEBUG_INFORMATION_FORMAT = "dwarf-with-dsym";
				FRAMEWORK_SEARCH_PATHS = "$(DEVELOPER_LIBRARY_DIR)/Frameworks";
				GCC_C_LANGUAGE_STANDARD = gnu99;
				GCC_ENABLE_OBJC_EXCEPTIONS = YES;
				GCC_PRECOMPILE_PREFIX_HEADER = YES;
				GCC_PREFIX_HEADER = "LibraryTests/LibraryTests-Prefix.pch";
				GCC_WARN_64_TO_32_BIT_CONVERSION = YES;
				GCC_WARN_ABOUT_RETURN_TYPE = YES;
				GCC_WARN_UNUSED_VARIABLE = YES;
				INFOPLIST_FILE = "LibraryTests/LibraryTests-Info.plist";
				MACOSX_DEPLOYMENT_TARGET = 10.6;
				OTHER_LDFLAGS = (
					"-framework",
					SenTestingKit,
				);
				PRODUCT_NAME = "$(TARGET_NAME)";
				SDKROOT = macosx;
				WRAPPER_EXTENSION = octest;
			};
			name = Release;
		};
		DAD469E0120D1B4600AD4602 /* Debug */ = {
			isa = XCBuildConfiguration;
			buildSettings = {
				ALWAYS_SEARCH_USER_PATHS = NO;
				ARCHS = "$(ARCHS_STANDARD_32_BIT)";
				COPY_PHASE_STRIP = NO;
				DYLIB_COMPATIBILITY_VERSION = 1;
				DYLIB_CURRENT_VERSION = 1;
				FRAMEWORK_VERSION = A;
				GCC_DYNAMIC_NO_PIC = NO;
				GCC_ENABLE_FIX_AND_CONTINUE = YES;
				GCC_MODEL_TUNING = G5;
				GCC_OPTIMIZATION_LEVEL = 0;
				GCC_PRECOMPILE_PREFIX_HEADER = YES;
				GCC_PREFIX_HEADER = "$(SYSTEM_LIBRARY_DIR)/Frameworks/AppKit.framework/Headers/AppKit.h";
				INFOPLIST_FILE = "Library32-Info.plist";
				INSTALL_PATH = "$(HOME)/Library/Frameworks";
				OTHER_LDFLAGS = (
					"-framework",
					Foundation,
					"-framework",
					AppKit,
				);
				PREBINDING = NO;
				PRODUCT_NAME = Library32;
			};
			name = Debug;
		};
		DAD469E1120D1B4600AD4602 /* Release */ = {
			isa = XCBuildConfiguration;
			buildSettings = {
				ALWAYS_SEARCH_USER_PATHS = NO;
				ARCHS = "$(ARCHS_STANDARD_32_BIT)";
				COPY_PHASE_STRIP = YES;
				DEBUG_INFORMATION_FORMAT = "dwarf-with-dsym";
				DYLIB_COMPATIBILITY_VERSION = 1;
				DYLIB_CURRENT_VERSION = 1;
				FRAMEWORK_VERSION = A;
				GCC_ENABLE_FIX_AND_CONTINUE = NO;
				GCC_MODEL_TUNING = G5;
				GCC_PRECOMPILE_PREFIX_HEADER = YES;
				GCC_PREFIX_HEADER = "$(SYSTEM_LIBRARY_DIR)/Frameworks/AppKit.framework/Headers/AppKit.h";
				INFOPLIST_FILE = "Library32-Info.plist";
				INSTALL_PATH = "$(HOME)/Library/Frameworks";
				OTHER_LDFLAGS = (
					"-framework",
					Foundation,
					"-framework",
					AppKit,
				);
				PREBINDING = NO;
				PRODUCT_NAME = Library32;
				ZERO_LINK = NO;
			};
			name = Release;
		};
		DAD469EB120D1B5600AD4602 /* Debug */ = {
			isa = XCBuildConfiguration;
			buildSettings = {
				ALWAYS_SEARCH_USER_PATHS = NO;
				ARCHS = "$(ARCHS_STANDARD_64_BIT)";
				COPY_PHASE_STRIP = NO;
				DYLIB_COMPATIBILITY_VERSION = 1;
				DYLIB_CURRENT_VERSION = 1;
				FRAMEWORK_VERSION = A;
				GCC_DYNAMIC_NO_PIC = NO;
				GCC_ENABLE_FIX_AND_CONTINUE = YES;
				GCC_MODEL_TUNING = G5;
				GCC_OPTIMIZATION_LEVEL = 0;
				GCC_PRECOMPILE_PREFIX_HEADER = YES;
				GCC_PREFIX_HEADER = "$(SYSTEM_LIBRARY_DIR)/Frameworks/AppKit.framework/Headers/AppKit.h";
				INFOPLIST_FILE = "Library64-Info.plist";
				INSTALL_PATH = "$(HOME)/Library/Frameworks";
				OTHER_LDFLAGS = (
					"-framework",
					Foundation,
					"-framework",
					AppKit,
				);
				PREBINDING = NO;
				PRODUCT_NAME = Library64;
			};
			name = Debug;
		};
		DAD469EC120D1B5600AD4602 /* Release */ = {
			isa = XCBuildConfiguration;
			buildSettings = {
				ALWAYS_SEARCH_USER_PATHS = NO;
				ARCHS = "$(ARCHS_STANDARD_64_BIT)";
				COPY_PHASE_STRIP = YES;
				DEBUG_INFORMATION_FORMAT = "dwarf-with-dsym";
				DYLIB_COMPATIBILITY_VERSION = 1;
				DYLIB_CURRENT_VERSION = 1;
				FRAMEWORK_VERSION = A;
				GCC_ENABLE_FIX_AND_CONTINUE = NO;
				GCC_MODEL_TUNING = G5;
				GCC_PRECOMPILE_PREFIX_HEADER = YES;
				GCC_PREFIX_HEADER = "$(SYSTEM_LIBRARY_DIR)/Frameworks/AppKit.framework/Headers/AppKit.h";
				INFOPLIST_FILE = "Library64-Info.plist";
				INSTALL_PATH = "$(HOME)/Library/Frameworks";
				OTHER_LDFLAGS = (
					"-framework",
					Foundation,
					"-framework",
					AppKit,
				);
				PREBINDING = NO;
				PRODUCT_NAME = Library64;
				ZERO_LINK = NO;
			};
			name = Release;
		};
		DAD469F5120D1B6800AD4602 /* Debug */ = {
			isa = XCBuildConfiguration;
			buildSettings = {
				ALWAYS_SEARCH_USER_PATHS = NO;
				ARCHS = "$(ARCHS_STANDARD_32_64_BIT)";
				COPY_PHASE_STRIP = NO;
				DYLIB_COMPATIBILITY_VERSION = 1;
				DYLIB_CURRENT_VERSION = 1;
				FRAMEWORK_VERSION = A;
				GCC_DYNAMIC_NO_PIC = NO;
				GCC_ENABLE_FIX_AND_CONTINUE = YES;
				GCC_MODEL_TUNING = G5;
				GCC_OPTIMIZATION_LEVEL = 0;
				GCC_PRECOMPILE_PREFIX_HEADER = YES;
				GCC_PREFIX_HEADER = "$(SYSTEM_LIBRARY_DIR)/Frameworks/AppKit.framework/Headers/AppKit.h";
				INFOPLIST_FILE = "Library96-Info.plist";
				INSTALL_PATH = "$(HOME)/Library/Frameworks";
				OTHER_LDFLAGS = (
					"-framework",
					Foundation,
					"-framework",
					AppKit,
				);
				PREBINDING = NO;
				PRODUCT_NAME = Library96;
			};
			name = Debug;
		};
		DAD469F6120D1B6800AD4602 /* Release */ = {
			isa = XCBuildConfiguration;
			buildSettings = {
				ALWAYS_SEARCH_USER_PATHS = NO;
				ARCHS = "$(ARCHS_STANDARD_32_64_BIT)";
				COPY_PHASE_STRIP = YES;
				DEBUG_INFORMATION_FORMAT = "dwarf-with-dsym";
				DYLIB_COMPATIBILITY_VERSION = 1;
				DYLIB_CURRENT_VERSION = 1;
				FRAMEWORK_VERSION = A;
				GCC_ENABLE_FIX_AND_CONTINUE = NO;
				GCC_MODEL_TUNING = G5;
				GCC_PRECOMPILE_PREFIX_HEADER = YES;
				GCC_PREFIX_HEADER = "$(SYSTEM_LIBRARY_DIR)/Frameworks/AppKit.framework/Headers/AppKit.h";
				INFOPLIST_FILE = "Library96-Info.plist";
				INSTALL_PATH = "$(HOME)/Library/Frameworks";
				OTHER_LDFLAGS = (
					"-framework",
					Foundation,
					"-framework",
					AppKit,
				);
				PREBINDING = NO;
				PRODUCT_NAME = Library96;
				ZERO_LINK = NO;
			};
			name = Release;
		};
		DAEDF51411FE66B80087D479 /* Debug */ = {
			isa = XCBuildConfiguration;
			buildSettings = {
				COPY_PHASE_STRIP = NO;
				GCC_VERSION = com.apple.compilers.llvm.clang.1_0;
			};
			name = Debug;
		};
		DAEDF51511FE66B80087D479 /* Release */ = {
			isa = XCBuildConfiguration;
			buildSettings = {
				COPY_PHASE_STRIP = YES;
				GCC_VERSION = com.apple.compilers.llvm.clang.1_0;
			};
			name = Release;
		};
/* End XCBuildConfiguration section */

/* Begin XCConfigurationList section */
		DA08F7C811FE675E0077E42D /* Build configuration list for PBXNativeTarget "Vector IA32" */ = {
			isa = XCConfigurationList;
			buildConfigurations = (
				DA08F7C611FE675E0077E42D /* Debug */,
				DA08F7C711FE675E0077E42D /* Release */,
			);
			defaultConfigurationIsVisible = 0;
			defaultConfigurationName = Release;
		};
		DA08F7D411FE67990077E42D /* Build configuration list for PBXNativeTarget "Vector IA64" */ = {
			isa = XCConfigurationList;
			buildConfigurations = (
				DA08F7D211FE67990077E42D /* Debug */,
				DA08F7D311FE67990077E42D /* Release */,
			);
			defaultConfigurationIsVisible = 0;
			defaultConfigurationName = Release;
		};
		DA08F7ED11FE68520077E42D /* Build configuration list for PBXAggregateTarget "Vector" */ = {
			isa = XCConfigurationList;
			buildConfigurations = (
				DA08F7DD11FE68150077E42D /* Debug */,
				DA08F7DE11FE68150077E42D /* Release */,
			);
			defaultConfigurationIsVisible = 0;
			defaultConfigurationName = Release;
		};
		DA1559BF134A2ECA002A71EE /* Build configuration list for PBXNativeTarget "List" */ = {
			isa = XCConfigurationList;
			buildConfigurations = (
				DA1559C0134A2ECA002A71EE /* Debug */,
				DA1559C1134A2ECA002A71EE /* Release */,
			);
			defaultConfigurationIsVisible = 0;
			defaultConfigurationName = Release;
		};
		DA5652D81209139C00E1E650 /* Build configuration list for PBXNativeTarget "FSZip-testWrite" */ = {
			isa = XCConfigurationList;
			buildConfigurations = (
				DA5652D41209138700E1E650 /* Debug */,
				DA5652D51209138700E1E650 /* Release */,
			);
			defaultConfigurationIsVisible = 0;
			defaultConfigurationName = Release;
		};
		DA5652EF1209157000E1E650 /* Build configuration list for PBXNativeTarget "FSZip-testCompat" */ = {
			isa = XCConfigurationList;
			buildConfigurations = (
				DA5652E7120914E400E1E650 /* Debug */,
				DA5652E8120914E400E1E650 /* Release */,
			);
			defaultConfigurationIsVisible = 0;
			defaultConfigurationName = Release;
		};
		DA65A977134E58DA001FD887 /* Build configuration list for PBXNativeTarget "Library" */ = {
			isa = XCConfigurationList;
			buildConfigurations = (
				DA65A978134E58DA001FD887 /* Debug */,
				DA65A979134E58DA001FD887 /* Release */,
			);
			defaultConfigurationIsVisible = 0;
		};
		DA65A97A134E58DA001FD887 /* Build configuration list for PBXNativeTarget "LibraryTests" */ = {
			isa = XCConfigurationList;
			buildConfigurations = (
				DA65A97B134E58DA001FD887 /* Debug */,
				DA65A97C134E58DA001FD887 /* Release */,
			);
			defaultConfigurationIsVisible = 0;
		};
		DAD469E2120D1B4600AD4602 /* Build configuration list for PBXNativeTarget "Library32" */ = {
			isa = XCConfigurationList;
			buildConfigurations = (
				DAD469E0120D1B4600AD4602 /* Debug */,
				DAD469E1120D1B4600AD4602 /* Release */,
			);
			defaultConfigurationIsVisible = 0;
			defaultConfigurationName = Release;
		};
		DAD469ED120D1B5600AD4602 /* Build configuration list for PBXNativeTarget "Library64" */ = {
			isa = XCConfigurationList;
			buildConfigurations = (
				DAD469EB120D1B5600AD4602 /* Debug */,
				DAD469EC120D1B5600AD4602 /* Release */,
			);
			defaultConfigurationIsVisible = 0;
			defaultConfigurationName = Release;
		};
		DAD469F7120D1B6800AD4602 /* Build configuration list for PBXNativeTarget "Library96" */ = {
			isa = XCConfigurationList;
			buildConfigurations = (
				DAD469F5120D1B6800AD4602 /* Debug */,
				DAD469F6120D1B6800AD4602 /* Release */,
			);
			defaultConfigurationIsVisible = 0;
			defaultConfigurationName = Release;
		};
		DAEDF51611FE66B80087D479 /* Build configuration list for PBXProject "Library" */ = {
			isa = XCConfigurationList;
			buildConfigurations = (
				DAEDF51411FE66B80087D479 /* Debug */,
				DAEDF51511FE66B80087D479 /* Release */,
			);
			defaultConfigurationIsVisible = 0;
			defaultConfigurationName = Release;
		};
/* End XCConfigurationList section */
	};
	rootObject = DAEDF51311FE66B80087D479 /* Project object */;
}
